// !$*UTF8*$!
{
	archiveVersion = 1;
	classes = {
	};
	objectVersion = 50;
	objects = {

/* Begin PBXBuildFile section */
		B30AAB1D25B47EDC00EC9EBA /* RoundedRectangleSpecificCorners.swift in Sources */ = {isa = PBXBuildFile; fileRef = B30AAB1C25B47EDC00EC9EBA /* RoundedRectangleSpecificCorners.swift */; };
		B329FE68259F6EE100B404A7 /* SecondaryButtonView.swift in Sources */ = {isa = PBXBuildFile; fileRef = B329FE67259F6EE100B404A7 /* SecondaryButtonView.swift */; };
		B329FE6D259F7E4600B404A7 /* Basket.swift in Sources */ = {isa = PBXBuildFile; fileRef = B329FE6C259F7E4600B404A7 /* Basket.swift */; };
		B3311741259D2EFC0016619A /* BasketView.swift in Sources */ = {isa = PBXBuildFile; fileRef = B3311740259D2EFC0016619A /* BasketView.swift */; };
		B3311749259D35740016619A /* RestaurantMenuView.swift in Sources */ = {isa = PBXBuildFile; fileRef = B3311748259D35740016619A /* RestaurantMenuView.swift */; };
		B3311751259D57E80016619A /* IdentityButtonStyle.swift in Sources */ = {isa = PBXBuildFile; fileRef = B3311750259D57E80016619A /* IdentityButtonStyle.swift */; };
		B331DF8C25B1069200912AFC /* ImagesService.swift in Sources */ = {isa = PBXBuildFile; fileRef = B331DF8B25B1069200912AFC /* ImagesService.swift */; };
		B331DF9125B106C200912AFC /* ImagesWebRepository.swift in Sources */ = {isa = PBXBuildFile; fileRef = B331DF9025B106C200912AFC /* ImagesWebRepository.swift */; };
		B331DF9625B1145800912AFC /* LoadableImageView.swift in Sources */ = {isa = PBXBuildFile; fileRef = B331DF9525B1145800912AFC /* LoadableImageView.swift */; };
		B33D527625AE5B7C003ADD1A /* Models+SampleData.swift in Sources */ = {isa = PBXBuildFile; fileRef = B33D527525AE5B7C003ADD1A /* Models+SampleData.swift */; };
		B34B4119259F559400C64D34 /* ZigZagBackgroundView.swift in Sources */ = {isa = PBXBuildFile; fileRef = B34B4118259F559400C64D34 /* ZigZagBackgroundView.swift */; };
		B35B9D1E259D765100488D75 /* Menu.swift in Sources */ = {isa = PBXBuildFile; fileRef = B35B9D1D259D765100488D75 /* Menu.swift */; };
		B367204825AD18D400926040 /* Date+.swift in Sources */ = {isa = PBXBuildFile; fileRef = B367204725AD18D400926040 /* Date+.swift */; };
		B36A6E8425AFB6CE00EAC483 /* AnyCancellableBag.swift in Sources */ = {isa = PBXBuildFile; fileRef = B36A6E8325AFB6CE00EAC483 /* AnyCancellableBag.swift */; };
		B36A6E9025AFBF3800EAC483 /* AppState.swift in Sources */ = {isa = PBXBuildFile; fileRef = B36A6E8F25AFBF3800EAC483 /* AppState.swift */; };
		B36A6E9825AFBF9C00EAC483 /* Store.swift in Sources */ = {isa = PBXBuildFile; fileRef = B36A6E9725AFBF9C00EAC483 /* Store.swift */; };
		B36A6EAD25AFCA2A00EAC483 /* TestView.swift in Sources */ = {isa = PBXBuildFile; fileRef = B36A6EAC25AFCA2A00EAC483 /* TestView.swift */; };
		B373A9CD259CF87B0089FA60 /* Color+.swift in Sources */ = {isa = PBXBuildFile; fileRef = B373A9CC259CF87A0089FA60 /* Color+.swift */; };
		B373A9EA259D167F0089FA60 /* View+.swift in Sources */ = {isa = PBXBuildFile; fileRef = B373A9E9259D167F0089FA60 /* View+.swift */; };
		B38687DD25A653540026B592 /* RestaurantMoreInfoView.swift in Sources */ = {isa = PBXBuildFile; fileRef = B38687DC25A653540026B592 /* RestaurantMoreInfoView.swift */; };
		B38687E225A655E10026B592 /* RestaurantLocationSectionView.swift in Sources */ = {isa = PBXBuildFile; fileRef = B38687E125A655E10026B592 /* RestaurantLocationSectionView.swift */; };
		B38687E725A65AF70026B592 /* RestaurantMapView.swift in Sources */ = {isa = PBXBuildFile; fileRef = B38687E625A65AF70026B592 /* RestaurantMapView.swift */; };
		B38B6371259CE45100378052 /* MenugrabApp.swift in Sources */ = {isa = PBXBuildFile; fileRef = B38B6370259CE45100378052 /* MenugrabApp.swift */; };
		B38B6375259CE45400378052 /* Assets.xcassets in Resources */ = {isa = PBXBuildFile; fileRef = B38B6374259CE45400378052 /* Assets.xcassets */; };
		B38B6378259CE45400378052 /* Preview Assets.xcassets in Resources */ = {isa = PBXBuildFile; fileRef = B38B6377259CE45400378052 /* Preview Assets.xcassets */; };
		B38B6383259CE45400378052 /* MenugrabTests.swift in Sources */ = {isa = PBXBuildFile; fileRef = B38B6382259CE45400378052 /* MenugrabTests.swift */; };
		B38B638E259CE45400378052 /* MenugrabUITests.swift in Sources */ = {isa = PBXBuildFile; fileRef = B38B638D259CE45400378052 /* MenugrabUITests.swift */; };
		B38B63B9259CE4F500378052 /* Restaurant.swift in Sources */ = {isa = PBXBuildFile; fileRef = B38B63B8259CE4F500378052 /* Restaurant.swift */; };
		B38B63C4259CE55C00378052 /* AllRestaurantsView.swift in Sources */ = {isa = PBXBuildFile; fileRef = B38B63BE259CE55C00378052 /* AllRestaurantsView.swift */; };
		B38B63C5259CE55C00378052 /* HomeView.swift in Sources */ = {isa = PBXBuildFile; fileRef = B38B63BF259CE55C00378052 /* HomeView.swift */; };
		B38B63C6259CE55C00378052 /* HomeSearchView.swift in Sources */ = {isa = PBXBuildFile; fileRef = B38B63C0259CE55C00378052 /* HomeSearchView.swift */; };
		B38B63C7259CE55C00378052 /* RestaurantSearchInputView.swift in Sources */ = {isa = PBXBuildFile; fileRef = B38B63C2259CE55C00378052 /* RestaurantSearchInputView.swift */; };
		B38B63C8259CE55C00378052 /* RestaurantCellView.swift in Sources */ = {isa = PBXBuildFile; fileRef = B38B63C3259CE55C00378052 /* RestaurantCellView.swift */; };
		B38B63CE259CE56A00378052 /* UINavigationController+.swift in Sources */ = {isa = PBXBuildFile; fileRef = B38B63CD259CE56A00378052 /* UINavigationController+.swift */; };
		B38B63D9259CE59E00378052 /* DMSans-Regular.ttf in Resources */ = {isa = PBXBuildFile; fileRef = B38B63D3259CE59E00378052 /* DMSans-Regular.ttf */; };
		B38B63DA259CE59E00378052 /* DMSans-Medium.ttf in Resources */ = {isa = PBXBuildFile; fileRef = B38B63D4259CE59E00378052 /* DMSans-Medium.ttf */; };
		B38B63DB259CE59E00378052 /* DMSans-Bold.ttf in Resources */ = {isa = PBXBuildFile; fileRef = B38B63D5259CE59E00378052 /* DMSans-Bold.ttf */; };
		B398E13725A0CB6F00F480E7 /* RestaurantFilterAppliedTagView.swift in Sources */ = {isa = PBXBuildFile; fileRef = B398E13625A0CB6F00F480E7 /* RestaurantFilterAppliedTagView.swift */; };
		B39CB2EE25A4201000823800 /* Constants.swift in Sources */ = {isa = PBXBuildFile; fileRef = B39CB2ED25A4201000823800 /* Constants.swift */; };
		B3A21E2625A93C630036E399 /* AccountView.swift in Sources */ = {isa = PBXBuildFile; fileRef = B3A21E2525A93C630036E399 /* AccountView.swift */; };
		B3A21E2B25A93C760036E399 /* AccountDetailsFormView.swift in Sources */ = {isa = PBXBuildFile; fileRef = B3A21E2A25A93C760036E399 /* AccountDetailsFormView.swift */; };
		B3A21E3025A93C8A0036E399 /* OrdersView.swift in Sources */ = {isa = PBXBuildFile; fileRef = B3A21E2F25A93C8A0036E399 /* OrdersView.swift */; };
		B3A21E3525A93C950036E399 /* OrderDetailsView.swift in Sources */ = {isa = PBXBuildFile; fileRef = B3A21E3425A93C950036E399 /* OrderDetailsView.swift */; };
		B3A21E3C25A93D310036E399 /* User.swift in Sources */ = {isa = PBXBuildFile; fileRef = B3A21E3B25A93D310036E399 /* User.swift */; };
		B3AE2DBD25A78D9400E5ED60 /* LinkIfDestinationNotNull.swift in Sources */ = {isa = PBXBuildFile; fileRef = B3AE2DBC25A78D9400E5ED60 /* LinkIfDestinationNotNull.swift */; };
		B3AE501625B0B298008F9FF4 /* DIContainer.swift in Sources */ = {isa = PBXBuildFile; fileRef = B3AE501525B0B298008F9FF4 /* DIContainer.swift */; };
		B3AE503325B0BDD7008F9FF4 /* Publisher+SinkToLoadable.swift in Sources */ = {isa = PBXBuildFile; fileRef = B36A6E9C25AFC88500EAC483 /* Publisher+SinkToLoadable.swift */; };
		B3AE504225B0BEEB008F9FF4 /* AnyCancellable+StoreInAnyCancellableBag.swift in Sources */ = {isa = PBXBuildFile; fileRef = B3AE504125B0BEEB008F9FF4 /* AnyCancellable+StoreInAnyCancellableBag.swift */; };
		B3B0BCA025A7F3080068C1EC /* Divider+.swift in Sources */ = {isa = PBXBuildFile; fileRef = B3B0BC9F25A7F3080068C1EC /* Divider+.swift */; };
		B3B0BCAD25A7F9580068C1EC /* CustomNavigationBarView.swift in Sources */ = {isa = PBXBuildFile; fileRef = B3B0BCAC25A7F9580068C1EC /* CustomNavigationBarView.swift */; };
		B3B8F90225B0CBBA00DE92AA /* AppEnvironment.swift in Sources */ = {isa = PBXBuildFile; fileRef = B3B8F90125B0CBBA00DE92AA /* AppEnvironment.swift */; };
		B3C20B9425A3D64200B3B595 /* Decimal+Currency.swift in Sources */ = {isa = PBXBuildFile; fileRef = B3C20B9325A3D64200B3B595 /* Decimal+Currency.swift */; };
		B3D0BF4225AE5D3D00FF2B28 /* restaurants.json in Resources */ = {isa = PBXBuildFile; fileRef = B3D0BF3A25AE5D0100FF2B28 /* restaurants.json */; };
		B3D0BF5725AE6CFA00FF2B28 /* RestaurantsWebRepository.swift in Sources */ = {isa = PBXBuildFile; fileRef = B3D0BF5625AE6CFA00FF2B28 /* RestaurantsWebRepository.swift */; };
		B3D0BF6025AE715200FF2B28 /* WebRepository.swift in Sources */ = {isa = PBXBuildFile; fileRef = B3D0BF5F25AE715200FF2B28 /* WebRepository.swift */; };
		B3D0BF6525AE733300FF2B28 /* APICall.swift in Sources */ = {isa = PBXBuildFile; fileRef = B3D0BF6425AE733300FF2B28 /* APICall.swift */; };
		B3D0BF6A25AE740200FF2B28 /* APIError.swift in Sources */ = {isa = PBXBuildFile; fileRef = B3D0BF6925AE740200FF2B28 /* APIError.swift */; };
		B3D0BF7825AE80B900FF2B28 /* RestaurantsService.swift in Sources */ = {isa = PBXBuildFile; fileRef = B3D0BF7725AE80B900FF2B28 /* RestaurantsService.swift */; };
		B3D5ADD325A26C4700F0E58C /* Order.swift in Sources */ = {isa = PBXBuildFile; fileRef = B3D5ADD225A26C4700F0E58C /* Order.swift */; };
		B3D9D26A25AFADB300F6DBDB /* Loadable.swift in Sources */ = {isa = PBXBuildFile; fileRef = B3D9D26925AFADB300F6DBDB /* Loadable.swift */; };
/* End PBXBuildFile section */

/* Begin PBXContainerItemProxy section */
		B38B637F259CE45400378052 /* PBXContainerItemProxy */ = {
			isa = PBXContainerItemProxy;
			containerPortal = B38B6365259CE45000378052 /* Project object */;
			proxyType = 1;
			remoteGlobalIDString = B38B636C259CE45000378052;
			remoteInfo = Menugrab;
		};
		B38B638A259CE45400378052 /* PBXContainerItemProxy */ = {
			isa = PBXContainerItemProxy;
			containerPortal = B38B6365259CE45000378052 /* Project object */;
			proxyType = 1;
			remoteGlobalIDString = B38B636C259CE45000378052;
			remoteInfo = Menugrab;
		};
/* End PBXContainerItemProxy section */

/* Begin PBXFileReference section */
		B30AAB1C25B47EDC00EC9EBA /* RoundedRectangleSpecificCorners.swift */ = {isa = PBXFileReference; lastKnownFileType = sourcecode.swift; path = RoundedRectangleSpecificCorners.swift; sourceTree = "<group>"; };
		B329FE67259F6EE100B404A7 /* SecondaryButtonView.swift */ = {isa = PBXFileReference; lastKnownFileType = sourcecode.swift; path = SecondaryButtonView.swift; sourceTree = "<group>"; };
		B329FE6C259F7E4600B404A7 /* Basket.swift */ = {isa = PBXFileReference; lastKnownFileType = sourcecode.swift; path = Basket.swift; sourceTree = "<group>"; };
		B3311740259D2EFC0016619A /* BasketView.swift */ = {isa = PBXFileReference; lastKnownFileType = sourcecode.swift; path = BasketView.swift; sourceTree = "<group>"; };
		B3311748259D35740016619A /* RestaurantMenuView.swift */ = {isa = PBXFileReference; lastKnownFileType = sourcecode.swift; path = RestaurantMenuView.swift; sourceTree = "<group>"; };
		B3311750259D57E80016619A /* IdentityButtonStyle.swift */ = {isa = PBXFileReference; lastKnownFileType = sourcecode.swift; path = IdentityButtonStyle.swift; sourceTree = "<group>"; };
		B331DF8B25B1069200912AFC /* ImagesService.swift */ = {isa = PBXFileReference; lastKnownFileType = sourcecode.swift; path = ImagesService.swift; sourceTree = "<group>"; };
		B331DF9025B106C200912AFC /* ImagesWebRepository.swift */ = {isa = PBXFileReference; lastKnownFileType = sourcecode.swift; path = ImagesWebRepository.swift; sourceTree = "<group>"; };
		B331DF9525B1145800912AFC /* LoadableImageView.swift */ = {isa = PBXFileReference; lastKnownFileType = sourcecode.swift; path = LoadableImageView.swift; sourceTree = "<group>"; };
		B33D527525AE5B7C003ADD1A /* Models+SampleData.swift */ = {isa = PBXFileReference; lastKnownFileType = sourcecode.swift; path = "Models+SampleData.swift"; sourceTree = "<group>"; };
		B34B4118259F559400C64D34 /* ZigZagBackgroundView.swift */ = {isa = PBXFileReference; lastKnownFileType = sourcecode.swift; path = ZigZagBackgroundView.swift; sourceTree = "<group>"; };
		B35B9D1D259D765100488D75 /* Menu.swift */ = {isa = PBXFileReference; lastKnownFileType = sourcecode.swift; path = Menu.swift; sourceTree = "<group>"; };
		B367204725AD18D400926040 /* Date+.swift */ = {isa = PBXFileReference; lastKnownFileType = sourcecode.swift; path = "Date+.swift"; sourceTree = "<group>"; };
		B36A6E8325AFB6CE00EAC483 /* AnyCancellableBag.swift */ = {isa = PBXFileReference; lastKnownFileType = sourcecode.swift; path = AnyCancellableBag.swift; sourceTree = "<group>"; };
		B36A6E8F25AFBF3800EAC483 /* AppState.swift */ = {isa = PBXFileReference; lastKnownFileType = sourcecode.swift; path = AppState.swift; sourceTree = "<group>"; };
		B36A6E9725AFBF9C00EAC483 /* Store.swift */ = {isa = PBXFileReference; lastKnownFileType = sourcecode.swift; path = Store.swift; sourceTree = "<group>"; };
		B36A6E9C25AFC88500EAC483 /* Publisher+SinkToLoadable.swift */ = {isa = PBXFileReference; lastKnownFileType = sourcecode.swift; path = "Publisher+SinkToLoadable.swift"; sourceTree = "<group>"; };
		B36A6EAC25AFCA2A00EAC483 /* TestView.swift */ = {isa = PBXFileReference; lastKnownFileType = sourcecode.swift; path = TestView.swift; sourceTree = "<group>"; };
		B373A9CC259CF87A0089FA60 /* Color+.swift */ = {isa = PBXFileReference; lastKnownFileType = sourcecode.swift; path = "Color+.swift"; sourceTree = "<group>"; };
		B373A9E9259D167F0089FA60 /* View+.swift */ = {isa = PBXFileReference; lastKnownFileType = sourcecode.swift; path = "View+.swift"; sourceTree = "<group>"; };
		B38687DC25A653540026B592 /* RestaurantMoreInfoView.swift */ = {isa = PBXFileReference; lastKnownFileType = sourcecode.swift; path = RestaurantMoreInfoView.swift; sourceTree = "<group>"; };
		B38687E125A655E10026B592 /* RestaurantLocationSectionView.swift */ = {isa = PBXFileReference; lastKnownFileType = sourcecode.swift; path = RestaurantLocationSectionView.swift; sourceTree = "<group>"; };
		B38687E625A65AF70026B592 /* RestaurantMapView.swift */ = {isa = PBXFileReference; lastKnownFileType = sourcecode.swift; path = RestaurantMapView.swift; sourceTree = "<group>"; };
		B38B636D259CE45000378052 /* Menugrab.app */ = {isa = PBXFileReference; explicitFileType = wrapper.application; includeInIndex = 0; path = Menugrab.app; sourceTree = BUILT_PRODUCTS_DIR; };
		B38B6370259CE45100378052 /* MenugrabApp.swift */ = {isa = PBXFileReference; lastKnownFileType = sourcecode.swift; path = MenugrabApp.swift; sourceTree = "<group>"; };
		B38B6374259CE45400378052 /* Assets.xcassets */ = {isa = PBXFileReference; lastKnownFileType = folder.assetcatalog; path = Assets.xcassets; sourceTree = "<group>"; };
		B38B6377259CE45400378052 /* Preview Assets.xcassets */ = {isa = PBXFileReference; lastKnownFileType = folder.assetcatalog; path = "Preview Assets.xcassets"; sourceTree = "<group>"; };
		B38B6379259CE45400378052 /* Info.plist */ = {isa = PBXFileReference; lastKnownFileType = text.plist.xml; path = Info.plist; sourceTree = "<group>"; };
		B38B637E259CE45400378052 /* MenugrabTests.xctest */ = {isa = PBXFileReference; explicitFileType = wrapper.cfbundle; includeInIndex = 0; path = MenugrabTests.xctest; sourceTree = BUILT_PRODUCTS_DIR; };
		B38B6382259CE45400378052 /* MenugrabTests.swift */ = {isa = PBXFileReference; lastKnownFileType = sourcecode.swift; path = MenugrabTests.swift; sourceTree = "<group>"; };
		B38B6384259CE45400378052 /* Info.plist */ = {isa = PBXFileReference; lastKnownFileType = text.plist.xml; path = Info.plist; sourceTree = "<group>"; };
		B38B6389259CE45400378052 /* MenugrabUITests.xctest */ = {isa = PBXFileReference; explicitFileType = wrapper.cfbundle; includeInIndex = 0; path = MenugrabUITests.xctest; sourceTree = BUILT_PRODUCTS_DIR; };
		B38B638D259CE45400378052 /* MenugrabUITests.swift */ = {isa = PBXFileReference; lastKnownFileType = sourcecode.swift; path = MenugrabUITests.swift; sourceTree = "<group>"; };
		B38B638F259CE45400378052 /* Info.plist */ = {isa = PBXFileReference; lastKnownFileType = text.plist.xml; path = Info.plist; sourceTree = "<group>"; };
		B38B63B8259CE4F500378052 /* Restaurant.swift */ = {isa = PBXFileReference; fileEncoding = 4; lastKnownFileType = sourcecode.swift; path = Restaurant.swift; sourceTree = "<group>"; };
		B38B63BE259CE55C00378052 /* AllRestaurantsView.swift */ = {isa = PBXFileReference; fileEncoding = 4; lastKnownFileType = sourcecode.swift; path = AllRestaurantsView.swift; sourceTree = "<group>"; };
		B38B63BF259CE55C00378052 /* HomeView.swift */ = {isa = PBXFileReference; fileEncoding = 4; lastKnownFileType = sourcecode.swift; path = HomeView.swift; sourceTree = "<group>"; };
		B38B63C0259CE55C00378052 /* HomeSearchView.swift */ = {isa = PBXFileReference; fileEncoding = 4; lastKnownFileType = sourcecode.swift; path = HomeSearchView.swift; sourceTree = "<group>"; };
		B38B63C2259CE55C00378052 /* RestaurantSearchInputView.swift */ = {isa = PBXFileReference; fileEncoding = 4; lastKnownFileType = sourcecode.swift; path = RestaurantSearchInputView.swift; sourceTree = "<group>"; };
		B38B63C3259CE55C00378052 /* RestaurantCellView.swift */ = {isa = PBXFileReference; fileEncoding = 4; lastKnownFileType = sourcecode.swift; path = RestaurantCellView.swift; sourceTree = "<group>"; };
		B38B63CD259CE56A00378052 /* UINavigationController+.swift */ = {isa = PBXFileReference; fileEncoding = 4; lastKnownFileType = sourcecode.swift; path = "UINavigationController+.swift"; sourceTree = "<group>"; };
		B38B63D3259CE59E00378052 /* DMSans-Regular.ttf */ = {isa = PBXFileReference; lastKnownFileType = file; path = "DMSans-Regular.ttf"; sourceTree = "<group>"; };
		B38B63D4259CE59E00378052 /* DMSans-Medium.ttf */ = {isa = PBXFileReference; lastKnownFileType = file; path = "DMSans-Medium.ttf"; sourceTree = "<group>"; };
		B38B63D5259CE59E00378052 /* DMSans-Bold.ttf */ = {isa = PBXFileReference; lastKnownFileType = file; path = "DMSans-Bold.ttf"; sourceTree = "<group>"; };
		B38B63D6259CE59E00378052 /* DMSans-BoldItalic.ttf */ = {isa = PBXFileReference; lastKnownFileType = file; path = "DMSans-BoldItalic.ttf"; sourceTree = "<group>"; };
		B38B63D7259CE59E00378052 /* DMSans-MediumItalic.ttf */ = {isa = PBXFileReference; lastKnownFileType = file; path = "DMSans-MediumItalic.ttf"; sourceTree = "<group>"; };
		B38B63D8259CE59E00378052 /* DMSans-Italic.ttf */ = {isa = PBXFileReference; lastKnownFileType = file; path = "DMSans-Italic.ttf"; sourceTree = "<group>"; };
		B398E13625A0CB6F00F480E7 /* RestaurantFilterAppliedTagView.swift */ = {isa = PBXFileReference; lastKnownFileType = sourcecode.swift; path = RestaurantFilterAppliedTagView.swift; sourceTree = "<group>"; };
		B39CB2ED25A4201000823800 /* Constants.swift */ = {isa = PBXFileReference; lastKnownFileType = sourcecode.swift; path = Constants.swift; sourceTree = "<group>"; };
		B3A21E2525A93C630036E399 /* AccountView.swift */ = {isa = PBXFileReference; lastKnownFileType = sourcecode.swift; path = AccountView.swift; sourceTree = "<group>"; };
		B3A21E2A25A93C760036E399 /* AccountDetailsFormView.swift */ = {isa = PBXFileReference; lastKnownFileType = sourcecode.swift; path = AccountDetailsFormView.swift; sourceTree = "<group>"; };
		B3A21E2F25A93C8A0036E399 /* OrdersView.swift */ = {isa = PBXFileReference; lastKnownFileType = sourcecode.swift; path = OrdersView.swift; sourceTree = "<group>"; };
		B3A21E3425A93C950036E399 /* OrderDetailsView.swift */ = {isa = PBXFileReference; lastKnownFileType = sourcecode.swift; path = OrderDetailsView.swift; sourceTree = "<group>"; };
		B3A21E3B25A93D310036E399 /* User.swift */ = {isa = PBXFileReference; lastKnownFileType = sourcecode.swift; path = User.swift; sourceTree = "<group>"; };
		B3AE2DBC25A78D9400E5ED60 /* LinkIfDestinationNotNull.swift */ = {isa = PBXFileReference; lastKnownFileType = sourcecode.swift; path = LinkIfDestinationNotNull.swift; sourceTree = "<group>"; };
		B3AE501525B0B298008F9FF4 /* DIContainer.swift */ = {isa = PBXFileReference; lastKnownFileType = sourcecode.swift; path = DIContainer.swift; sourceTree = "<group>"; };
		B3AE504125B0BEEB008F9FF4 /* AnyCancellable+StoreInAnyCancellableBag.swift */ = {isa = PBXFileReference; lastKnownFileType = sourcecode.swift; path = "AnyCancellable+StoreInAnyCancellableBag.swift"; sourceTree = "<group>"; };
		B3B0BC9F25A7F3080068C1EC /* Divider+.swift */ = {isa = PBXFileReference; lastKnownFileType = sourcecode.swift; path = "Divider+.swift"; sourceTree = "<group>"; };
		B3B0BCAC25A7F9580068C1EC /* CustomNavigationBarView.swift */ = {isa = PBXFileReference; lastKnownFileType = sourcecode.swift; path = CustomNavigationBarView.swift; sourceTree = "<group>"; };
		B3B8F90125B0CBBA00DE92AA /* AppEnvironment.swift */ = {isa = PBXFileReference; lastKnownFileType = sourcecode.swift; path = AppEnvironment.swift; sourceTree = "<group>"; };
		B3C20B9325A3D64200B3B595 /* Decimal+Currency.swift */ = {isa = PBXFileReference; lastKnownFileType = sourcecode.swift; path = "Decimal+Currency.swift"; sourceTree = "<group>"; };
		B3D0BF3A25AE5D0100FF2B28 /* restaurants.json */ = {isa = PBXFileReference; lastKnownFileType = text.json; path = restaurants.json; sourceTree = "<group>"; };
		B3D0BF5625AE6CFA00FF2B28 /* RestaurantsWebRepository.swift */ = {isa = PBXFileReference; lastKnownFileType = sourcecode.swift; path = RestaurantsWebRepository.swift; sourceTree = "<group>"; };
		B3D0BF5F25AE715200FF2B28 /* WebRepository.swift */ = {isa = PBXFileReference; lastKnownFileType = sourcecode.swift; path = WebRepository.swift; sourceTree = "<group>"; };
		B3D0BF6425AE733300FF2B28 /* APICall.swift */ = {isa = PBXFileReference; lastKnownFileType = sourcecode.swift; path = APICall.swift; sourceTree = "<group>"; };
		B3D0BF6925AE740200FF2B28 /* APIError.swift */ = {isa = PBXFileReference; lastKnownFileType = sourcecode.swift; path = APIError.swift; sourceTree = "<group>"; };
		B3D0BF7725AE80B900FF2B28 /* RestaurantsService.swift */ = {isa = PBXFileReference; lastKnownFileType = sourcecode.swift; path = RestaurantsService.swift; sourceTree = "<group>"; };
		B3D5ADD225A26C4700F0E58C /* Order.swift */ = {isa = PBXFileReference; lastKnownFileType = sourcecode.swift; path = Order.swift; sourceTree = "<group>"; };
		B3D9D26925AFADB300F6DBDB /* Loadable.swift */ = {isa = PBXFileReference; lastKnownFileType = sourcecode.swift; path = Loadable.swift; sourceTree = "<group>"; };
/* End PBXFileReference section */

/* Begin PBXFrameworksBuildPhase section */
		B38B636A259CE45000378052 /* Frameworks */ = {
			isa = PBXFrameworksBuildPhase;
			buildActionMask = 2147483647;
			files = (
			);
			runOnlyForDeploymentPostprocessing = 0;
		};
		B38B637B259CE45400378052 /* Frameworks */ = {
			isa = PBXFrameworksBuildPhase;
			buildActionMask = 2147483647;
			files = (
			);
			runOnlyForDeploymentPostprocessing = 0;
		};
		B38B6386259CE45400378052 /* Frameworks */ = {
			isa = PBXFrameworksBuildPhase;
			buildActionMask = 2147483647;
			files = (
			);
			runOnlyForDeploymentPostprocessing = 0;
		};
/* End PBXFrameworksBuildPhase section */

/* Begin PBXGroup section */
		B36A6E8E25AFBF2500EAC483 /* Injected */ = {
			isa = PBXGroup;
			children = (
				B3B8F90125B0CBBA00DE92AA /* AppEnvironment.swift */,
				B36A6E8F25AFBF3800EAC483 /* AppState.swift */,
				B3AE501525B0B298008F9FF4 /* DIContainer.swift */,
				B36A6E9725AFBF9C00EAC483 /* Store.swift */,
			);
			path = Injected;
			sourceTree = "<group>";
		};
		B373A9E8259D166D0089FA60 /* Helpers */ = {
			isa = PBXGroup;
			children = (
				B39CB2ED25A4201000823800 /* Constants.swift */,
				B3C20B9325A3D64200B3B595 /* Decimal+Currency.swift */,
				B367204725AD18D400926040 /* Date+.swift */,
				B3311750259D57E80016619A /* IdentityButtonStyle.swift */,
				B3B0BC9F25A7F3080068C1EC /* Divider+.swift */,
				B373A9CC259CF87A0089FA60 /* Color+.swift */,
				B373A9E9259D167F0089FA60 /* View+.swift */,
				B38B63CD259CE56A00378052 /* UINavigationController+.swift */,
				B3AE2DBC25A78D9400E5ED60 /* LinkIfDestinationNotNull.swift */,
			);
			path = Helpers;
			sourceTree = "<group>";
		};
		B38B6364259CE45000378052 = {
			isa = PBXGroup;
			children = (
				B38B636F259CE45000378052 /* Menugrab */,
				B38B6381259CE45400378052 /* MenugrabTests */,
				B38B638C259CE45400378052 /* MenugrabUITests */,
				B38B636E259CE45000378052 /* Products */,
			);
			sourceTree = "<group>";
		};
		B38B636E259CE45000378052 /* Products */ = {
			isa = PBXGroup;
			children = (
				B38B636D259CE45000378052 /* Menugrab.app */,
				B38B637E259CE45400378052 /* MenugrabTests.xctest */,
				B38B6389259CE45400378052 /* MenugrabUITests.xctest */,
			);
			name = Products;
			sourceTree = "<group>";
		};
		B38B636F259CE45000378052 /* Menugrab */ = {
			isa = PBXGroup;
			children = (
				B38B6370259CE45100378052 /* MenugrabApp.swift */,
				B38B6379259CE45400378052 /* Info.plist */,
				B38B63B4259CE4EB00378052 /* Models */,
				B38B63BD259CE55C00378052 /* Views */,
				B3D0BF4925AE6C0E00FF2B28 /* Services */,
				B3D0BF5525AE6CD900FF2B28 /* Repositories */,
				B36A6E8E25AFBF2500EAC483 /* Injected */,
				B38B639E259CE46100378052 /* Resources */,
				B38B6376259CE45400378052 /* Preview Content */,
			);
			path = Menugrab;
			sourceTree = "<group>";
		};
		B38B6376259CE45400378052 /* Preview Content */ = {
			isa = PBXGroup;
			children = (
				B33D527525AE5B7C003ADD1A /* Models+SampleData.swift */,
				B3D0BF3A25AE5D0100FF2B28 /* restaurants.json */,
				B38B6377259CE45400378052 /* Preview Assets.xcassets */,
			);
			path = "Preview Content";
			sourceTree = "<group>";
		};
		B38B6381259CE45400378052 /* MenugrabTests */ = {
			isa = PBXGroup;
			children = (
				B38B6382259CE45400378052 /* MenugrabTests.swift */,
				B38B6384259CE45400378052 /* Info.plist */,
			);
			path = MenugrabTests;
			sourceTree = "<group>";
		};
		B38B638C259CE45400378052 /* MenugrabUITests */ = {
			isa = PBXGroup;
			children = (
				B38B638D259CE45400378052 /* MenugrabUITests.swift */,
				B38B638F259CE45400378052 /* Info.plist */,
			);
			path = MenugrabUITests;
			sourceTree = "<group>";
		};
		B38B639E259CE46100378052 /* Resources */ = {
			isa = PBXGroup;
			children = (
				B38B6374259CE45400378052 /* Assets.xcassets */,
				B38B63D2259CE59E00378052 /* Fonts */,
			);
			path = Resources;
			sourceTree = "<group>";
		};
		B38B63B4259CE4EB00378052 /* Models */ = {
			isa = PBXGroup;
			children = (
				B38B63B8259CE4F500378052 /* Restaurant.swift */,
				B35B9D1D259D765100488D75 /* Menu.swift */,
				B3D5ADD225A26C4700F0E58C /* Order.swift */,
				B329FE6C259F7E4600B404A7 /* Basket.swift */,
				B3A21E3B25A93D310036E399 /* User.swift */,
			);
			path = Models;
			sourceTree = "<group>";
		};
		B38B63BD259CE55C00378052 /* Views */ = {
			isa = PBXGroup;
			children = (
				B36A6EAC25AFCA2A00EAC483 /* TestView.swift */,
				B38B63BF259CE55C00378052 /* HomeView.swift */,
				B38B63C0259CE55C00378052 /* HomeSearchView.swift */,
				B38B63BE259CE55C00378052 /* AllRestaurantsView.swift */,
				B3311740259D2EFC0016619A /* BasketView.swift */,
				B3311748259D35740016619A /* RestaurantMenuView.swift */,
				B38687DC25A653540026B592 /* RestaurantMoreInfoView.swift */,
				B3A21E3A25A93CD70036E399 /* Account */,
				B38B63C1259CE55C00378052 /* Shared */,
				B373A9E8259D166D0089FA60 /* Helpers */,
			);
			path = Views;
			sourceTree = "<group>";
		};
		B38B63C1259CE55C00378052 /* Shared */ = {
			isa = PBXGroup;
			children = (
				B38B63C2259CE55C00378052 /* RestaurantSearchInputView.swift */,
				B30AAB1C25B47EDC00EC9EBA /* RoundedRectangleSpecificCorners.swift */,
				B3B0BCAC25A7F9580068C1EC /* CustomNavigationBarView.swift */,
				B331DF9525B1145800912AFC /* LoadableImageView.swift */,
				B38687E625A65AF70026B592 /* RestaurantMapView.swift */,
				B38687E125A655E10026B592 /* RestaurantLocationSectionView.swift */,
				B38B63C3259CE55C00378052 /* RestaurantCellView.swift */,
				B398E13625A0CB6F00F480E7 /* RestaurantFilterAppliedTagView.swift */,
				B34B4118259F559400C64D34 /* ZigZagBackgroundView.swift */,
				B329FE67259F6EE100B404A7 /* SecondaryButtonView.swift */,
			);
			path = Shared;
			sourceTree = "<group>";
		};
		B38B63D2259CE59E00378052 /* Fonts */ = {
			isa = PBXGroup;
			children = (
				B38B63D3259CE59E00378052 /* DMSans-Regular.ttf */,
				B38B63D4259CE59E00378052 /* DMSans-Medium.ttf */,
				B38B63D5259CE59E00378052 /* DMSans-Bold.ttf */,
				B38B63D6259CE59E00378052 /* DMSans-BoldItalic.ttf */,
				B38B63D7259CE59E00378052 /* DMSans-MediumItalic.ttf */,
				B38B63D8259CE59E00378052 /* DMSans-Italic.ttf */,
			);
			path = Fonts;
			sourceTree = "<group>";
		};
		B3A21E3A25A93CD70036E399 /* Account */ = {
			isa = PBXGroup;
			children = (
				B3A21E2525A93C630036E399 /* AccountView.swift */,
				B3A21E2A25A93C760036E399 /* AccountDetailsFormView.swift */,
				B3A21E2F25A93C8A0036E399 /* OrdersView.swift */,
				B3A21E3425A93C950036E399 /* OrderDetailsView.swift */,
			);
			path = Account;
			sourceTree = "<group>";
		};
		B3B8F90925B0CBCA00DE92AA /* Helpers */ = {
			isa = PBXGroup;
			children = (
				B3D9D26925AFADB300F6DBDB /* Loadable.swift */,
				B36A6E8325AFB6CE00EAC483 /* AnyCancellableBag.swift */,
				B36A6E9C25AFC88500EAC483 /* Publisher+SinkToLoadable.swift */,
				B3AE504125B0BEEB008F9FF4 /* AnyCancellable+StoreInAnyCancellableBag.swift */,
			);
			path = Helpers;
			sourceTree = "<group>";
		};
		B3B8F90A25B0CBD700DE92AA /* Helpers */ = {
			isa = PBXGroup;
			children = (
				B3D0BF5F25AE715200FF2B28 /* WebRepository.swift */,
				B3D0BF6425AE733300FF2B28 /* APICall.swift */,
				B3D0BF6925AE740200FF2B28 /* APIError.swift */,
			);
			path = Helpers;
			sourceTree = "<group>";
		};
		B3D0BF4925AE6C0E00FF2B28 /* Services */ = {
			isa = PBXGroup;
			children = (
				B3D0BF7725AE80B900FF2B28 /* RestaurantsService.swift */,
				B331DF8B25B1069200912AFC /* ImagesService.swift */,
				B3B8F90925B0CBCA00DE92AA /* Helpers */,
			);
			path = Services;
			sourceTree = "<group>";
		};
		B3D0BF5525AE6CD900FF2B28 /* Repositories */ = {
			isa = PBXGroup;
			children = (
				B3D0BF5625AE6CFA00FF2B28 /* RestaurantsWebRepository.swift */,
				B331DF9025B106C200912AFC /* ImagesWebRepository.swift */,
				B3B8F90A25B0CBD700DE92AA /* Helpers */,
			);
			path = Repositories;
			sourceTree = "<group>";
		};
/* End PBXGroup section */

/* Begin PBXNativeTarget section */
		B38B636C259CE45000378052 /* Menugrab */ = {
			isa = PBXNativeTarget;
			buildConfigurationList = B38B6392259CE45500378052 /* Build configuration list for PBXNativeTarget "Menugrab" */;
			buildPhases = (
				B38B6369259CE45000378052 /* Sources */,
				B38B636A259CE45000378052 /* Frameworks */,
				B38B636B259CE45000378052 /* Resources */,
			);
			buildRules = (
			);
			dependencies = (
			);
			name = Menugrab;
			productName = Menugrab;
			productReference = B38B636D259CE45000378052 /* Menugrab.app */;
			productType = "com.apple.product-type.application";
		};
		B38B637D259CE45400378052 /* MenugrabTests */ = {
			isa = PBXNativeTarget;
			buildConfigurationList = B38B6395259CE45500378052 /* Build configuration list for PBXNativeTarget "MenugrabTests" */;
			buildPhases = (
				B38B637A259CE45400378052 /* Sources */,
				B38B637B259CE45400378052 /* Frameworks */,
				B38B637C259CE45400378052 /* Resources */,
			);
			buildRules = (
			);
			dependencies = (
				B38B6380259CE45400378052 /* PBXTargetDependency */,
			);
			name = MenugrabTests;
			productName = MenugrabTests;
			productReference = B38B637E259CE45400378052 /* MenugrabTests.xctest */;
			productType = "com.apple.product-type.bundle.unit-test";
		};
		B38B6388259CE45400378052 /* MenugrabUITests */ = {
			isa = PBXNativeTarget;
			buildConfigurationList = B38B6398259CE45500378052 /* Build configuration list for PBXNativeTarget "MenugrabUITests" */;
			buildPhases = (
				B38B6385259CE45400378052 /* Sources */,
				B38B6386259CE45400378052 /* Frameworks */,
				B38B6387259CE45400378052 /* Resources */,
			);
			buildRules = (
			);
			dependencies = (
				B38B638B259CE45400378052 /* PBXTargetDependency */,
			);
			name = MenugrabUITests;
			productName = MenugrabUITests;
			productReference = B38B6389259CE45400378052 /* MenugrabUITests.xctest */;
			productType = "com.apple.product-type.bundle.ui-testing";
		};
/* End PBXNativeTarget section */

/* Begin PBXProject section */
		B38B6365259CE45000378052 /* Project object */ = {
			isa = PBXProject;
			attributes = {
				LastSwiftUpdateCheck = 1220;
				LastUpgradeCheck = 1220;
				TargetAttributes = {
					B38B636C259CE45000378052 = {
						CreatedOnToolsVersion = 12.2;
					};
					B38B637D259CE45400378052 = {
						CreatedOnToolsVersion = 12.2;
						TestTargetID = B38B636C259CE45000378052;
					};
					B38B6388259CE45400378052 = {
						CreatedOnToolsVersion = 12.2;
						TestTargetID = B38B636C259CE45000378052;
					};
				};
			};
			buildConfigurationList = B38B6368259CE45000378052 /* Build configuration list for PBXProject "Menugrab" */;
			compatibilityVersion = "Xcode 9.3";
			developmentRegion = en;
			hasScannedForEncodings = 0;
			knownRegions = (
				en,
				Base,
			);
			mainGroup = B38B6364259CE45000378052;
			productRefGroup = B38B636E259CE45000378052 /* Products */;
			projectDirPath = "";
			projectRoot = "";
			targets = (
				B38B636C259CE45000378052 /* Menugrab */,
				B38B637D259CE45400378052 /* MenugrabTests */,
				B38B6388259CE45400378052 /* MenugrabUITests */,
			);
		};
/* End PBXProject section */

/* Begin PBXResourcesBuildPhase section */
		B38B636B259CE45000378052 /* Resources */ = {
			isa = PBXResourcesBuildPhase;
			buildActionMask = 2147483647;
			files = (
				B38B63D9259CE59E00378052 /* DMSans-Regular.ttf in Resources */,
				B38B63DB259CE59E00378052 /* DMSans-Bold.ttf in Resources */,
				B38B63DA259CE59E00378052 /* DMSans-Medium.ttf in Resources */,
				B38B6378259CE45400378052 /* Preview Assets.xcassets in Resources */,
				B3D0BF4225AE5D3D00FF2B28 /* restaurants.json in Resources */,
				B38B6375259CE45400378052 /* Assets.xcassets in Resources */,
			);
			runOnlyForDeploymentPostprocessing = 0;
		};
		B38B637C259CE45400378052 /* Resources */ = {
			isa = PBXResourcesBuildPhase;
			buildActionMask = 2147483647;
			files = (
			);
			runOnlyForDeploymentPostprocessing = 0;
		};
		B38B6387259CE45400378052 /* Resources */ = {
			isa = PBXResourcesBuildPhase;
			buildActionMask = 2147483647;
			files = (
			);
			runOnlyForDeploymentPostprocessing = 0;
		};
/* End PBXResourcesBuildPhase section */

/* Begin PBXSourcesBuildPhase section */
		B38B6369259CE45000378052 /* Sources */ = {
			isa = PBXSourcesBuildPhase;
			buildActionMask = 2147483647;
			files = (
				B367204825AD18D400926040 /* Date+.swift in Sources */,
				B3311741259D2EFC0016619A /* BasketView.swift in Sources */,
				B3B0BCA025A7F3080068C1EC /* Divider+.swift in Sources */,
				B38687E725A65AF70026B592 /* RestaurantMapView.swift in Sources */,
				B331DF9125B106C200912AFC /* ImagesWebRepository.swift in Sources */,
				B38B63C6259CE55C00378052 /* HomeSearchView.swift in Sources */,
				B3B8F90225B0CBBA00DE92AA /* AppEnvironment.swift in Sources */,
				B3A21E3C25A93D310036E399 /* User.swift in Sources */,
				B36A6EAD25AFCA2A00EAC483 /* TestView.swift in Sources */,
				B3D0BF7825AE80B900FF2B28 /* RestaurantsService.swift in Sources */,
				B3A21E2625A93C630036E399 /* AccountView.swift in Sources */,
				B33D527625AE5B7C003ADD1A /* Models+SampleData.swift in Sources */,
				B36A6E9025AFBF3800EAC483 /* AppState.swift in Sources */,
				B3D0BF6025AE715200FF2B28 /* WebRepository.swift in Sources */,
				B3A21E3025A93C8A0036E399 /* OrdersView.swift in Sources */,
				B373A9CD259CF87B0089FA60 /* Color+.swift in Sources */,
				B30AAB1D25B47EDC00EC9EBA /* RoundedRectangleSpecificCorners.swift in Sources */,
				B3D5ADD325A26C4700F0E58C /* Order.swift in Sources */,
				B329FE68259F6EE100B404A7 /* SecondaryButtonView.swift in Sources */,
				B3D0BF6525AE733300FF2B28 /* APICall.swift in Sources */,
				B38687E225A655E10026B592 /* RestaurantLocationSectionView.swift in Sources */,
				B3B0BCAD25A7F9580068C1EC /* CustomNavigationBarView.swift in Sources */,
				B38B63B9259CE4F500378052 /* Restaurant.swift in Sources */,
				B38B63C5259CE55C00378052 /* HomeView.swift in Sources */,
				B38B6371259CE45100378052 /* MenugrabApp.swift in Sources */,
				B3A21E2B25A93C760036E399 /* AccountDetailsFormView.swift in Sources */,
				B38B63C8259CE55C00378052 /* RestaurantCellView.swift in Sources */,
				B3AE501625B0B298008F9FF4 /* DIContainer.swift in Sources */,
				B329FE6D259F7E4600B404A7 /* Basket.swift in Sources */,
				B38687DD25A653540026B592 /* RestaurantMoreInfoView.swift in Sources */,
				B35B9D1E259D765100488D75 /* Menu.swift in Sources */,
				B39CB2EE25A4201000823800 /* Constants.swift in Sources */,
				B3A21E3525A93C950036E399 /* OrderDetailsView.swift in Sources */,
				B373A9EA259D167F0089FA60 /* View+.swift in Sources */,
				B331DF8C25B1069200912AFC /* ImagesService.swift in Sources */,
				B3D9D26A25AFADB300F6DBDB /* Loadable.swift in Sources */,
				B36A6E8425AFB6CE00EAC483 /* AnyCancellableBag.swift in Sources */,
				B3D0BF6A25AE740200FF2B28 /* APIError.swift in Sources */,
				B331DF9625B1145800912AFC /* LoadableImageView.swift in Sources */,
				B3311749259D35740016619A /* RestaurantMenuView.swift in Sources */,
				B38B63CE259CE56A00378052 /* UINavigationController+.swift in Sources */,
				B3AE504225B0BEEB008F9FF4 /* AnyCancellable+StoreInAnyCancellableBag.swift in Sources */,
				B3AE2DBD25A78D9400E5ED60 /* LinkIfDestinationNotNull.swift in Sources */,
				B38B63C7259CE55C00378052 /* RestaurantSearchInputView.swift in Sources */,
				B34B4119259F559400C64D34 /* ZigZagBackgroundView.swift in Sources */,
				B36A6E9825AFBF9C00EAC483 /* Store.swift in Sources */,
				B3C20B9425A3D64200B3B595 /* Decimal+Currency.swift in Sources */,
				B38B63C4259CE55C00378052 /* AllRestaurantsView.swift in Sources */,
				B3AE503325B0BDD7008F9FF4 /* Publisher+SinkToLoadable.swift in Sources */,
				B3311751259D57E80016619A /* IdentityButtonStyle.swift in Sources */,
				B398E13725A0CB6F00F480E7 /* RestaurantFilterAppliedTagView.swift in Sources */,
				B3D0BF5725AE6CFA00FF2B28 /* RestaurantsWebRepository.swift in Sources */,
			);
			runOnlyForDeploymentPostprocessing = 0;
		};
		B38B637A259CE45400378052 /* Sources */ = {
			isa = PBXSourcesBuildPhase;
			buildActionMask = 2147483647;
			files = (
				B38B6383259CE45400378052 /* MenugrabTests.swift in Sources */,
			);
			runOnlyForDeploymentPostprocessing = 0;
		};
		B38B6385259CE45400378052 /* Sources */ = {
			isa = PBXSourcesBuildPhase;
			buildActionMask = 2147483647;
			files = (
				B38B638E259CE45400378052 /* MenugrabUITests.swift in Sources */,
			);
			runOnlyForDeploymentPostprocessing = 0;
		};
/* End PBXSourcesBuildPhase section */

/* Begin PBXTargetDependency section */
		B38B6380259CE45400378052 /* PBXTargetDependency */ = {
			isa = PBXTargetDependency;
			target = B38B636C259CE45000378052 /* Menugrab */;
			targetProxy = B38B637F259CE45400378052 /* PBXContainerItemProxy */;
		};
		B38B638B259CE45400378052 /* PBXTargetDependency */ = {
			isa = PBXTargetDependency;
			target = B38B636C259CE45000378052 /* Menugrab */;
			targetProxy = B38B638A259CE45400378052 /* PBXContainerItemProxy */;
		};
/* End PBXTargetDependency section */

/* Begin XCBuildConfiguration section */
		B38B6390259CE45400378052 /* Debug */ = {
			isa = XCBuildConfiguration;
			buildSettings = {
				ALWAYS_SEARCH_USER_PATHS = NO;
				CLANG_ANALYZER_NONNULL = YES;
				CLANG_ANALYZER_NUMBER_OBJECT_CONVERSION = YES_AGGRESSIVE;
				CLANG_CXX_LANGUAGE_STANDARD = "gnu++14";
				CLANG_CXX_LIBRARY = "libc++";
				CLANG_ENABLE_MODULES = YES;
				CLANG_ENABLE_OBJC_ARC = YES;
				CLANG_ENABLE_OBJC_WEAK = YES;
				CLANG_WARN_BLOCK_CAPTURE_AUTORELEASING = YES;
				CLANG_WARN_BOOL_CONVERSION = YES;
				CLANG_WARN_COMMA = YES;
				CLANG_WARN_CONSTANT_CONVERSION = YES;
				CLANG_WARN_DEPRECATED_OBJC_IMPLEMENTATIONS = YES;
				CLANG_WARN_DIRECT_OBJC_ISA_USAGE = YES_ERROR;
				CLANG_WARN_DOCUMENTATION_COMMENTS = YES;
				CLANG_WARN_EMPTY_BODY = YES;
				CLANG_WARN_ENUM_CONVERSION = YES;
				CLANG_WARN_INFINITE_RECURSION = YES;
				CLANG_WARN_INT_CONVERSION = YES;
				CLANG_WARN_NON_LITERAL_NULL_CONVERSION = YES;
				CLANG_WARN_OBJC_IMPLICIT_RETAIN_SELF = YES;
				CLANG_WARN_OBJC_LITERAL_CONVERSION = YES;
				CLANG_WARN_OBJC_ROOT_CLASS = YES_ERROR;
				CLANG_WARN_QUOTED_INCLUDE_IN_FRAMEWORK_HEADER = YES;
				CLANG_WARN_RANGE_LOOP_ANALYSIS = YES;
				CLANG_WARN_STRICT_PROTOTYPES = YES;
				CLANG_WARN_SUSPICIOUS_MOVE = YES;
				CLANG_WARN_UNGUARDED_AVAILABILITY = YES_AGGRESSIVE;
				CLANG_WARN_UNREACHABLE_CODE = YES;
				CLANG_WARN__DUPLICATE_METHOD_MATCH = YES;
				COPY_PHASE_STRIP = NO;
				DEBUG_INFORMATION_FORMAT = dwarf;
				ENABLE_STRICT_OBJC_MSGSEND = YES;
				ENABLE_TESTABILITY = YES;
				GCC_C_LANGUAGE_STANDARD = gnu11;
				GCC_DYNAMIC_NO_PIC = NO;
				GCC_NO_COMMON_BLOCKS = YES;
				GCC_OPTIMIZATION_LEVEL = 0;
				GCC_PREPROCESSOR_DEFINITIONS = (
					"DEBUG=1",
					"$(inherited)",
				);
				GCC_WARN_64_TO_32_BIT_CONVERSION = YES;
				GCC_WARN_ABOUT_RETURN_TYPE = YES_ERROR;
				GCC_WARN_UNDECLARED_SELECTOR = YES;
				GCC_WARN_UNINITIALIZED_AUTOS = YES_AGGRESSIVE;
				GCC_WARN_UNUSED_FUNCTION = YES;
				GCC_WARN_UNUSED_VARIABLE = YES;
				IPHONEOS_DEPLOYMENT_TARGET = 14.2;
				MTL_ENABLE_DEBUG_INFO = INCLUDE_SOURCE;
				MTL_FAST_MATH = YES;
				ONLY_ACTIVE_ARCH = YES;
				SDKROOT = iphoneos;
				SWIFT_ACTIVE_COMPILATION_CONDITIONS = DEBUG;
				SWIFT_OPTIMIZATION_LEVEL = "-Onone";
			};
			name = Debug;
		};
		B38B6391259CE45500378052 /* Release */ = {
			isa = XCBuildConfiguration;
			buildSettings = {
				ALWAYS_SEARCH_USER_PATHS = NO;
				CLANG_ANALYZER_NONNULL = YES;
				CLANG_ANALYZER_NUMBER_OBJECT_CONVERSION = YES_AGGRESSIVE;
				CLANG_CXX_LANGUAGE_STANDARD = "gnu++14";
				CLANG_CXX_LIBRARY = "libc++";
				CLANG_ENABLE_MODULES = YES;
				CLANG_ENABLE_OBJC_ARC = YES;
				CLANG_ENABLE_OBJC_WEAK = YES;
				CLANG_WARN_BLOCK_CAPTURE_AUTORELEASING = YES;
				CLANG_WARN_BOOL_CONVERSION = YES;
				CLANG_WARN_COMMA = YES;
				CLANG_WARN_CONSTANT_CONVERSION = YES;
				CLANG_WARN_DEPRECATED_OBJC_IMPLEMENTATIONS = YES;
				CLANG_WARN_DIRECT_OBJC_ISA_USAGE = YES_ERROR;
				CLANG_WARN_DOCUMENTATION_COMMENTS = YES;
				CLANG_WARN_EMPTY_BODY = YES;
				CLANG_WARN_ENUM_CONVERSION = YES;
				CLANG_WARN_INFINITE_RECURSION = YES;
				CLANG_WARN_INT_CONVERSION = YES;
				CLANG_WARN_NON_LITERAL_NULL_CONVERSION = YES;
				CLANG_WARN_OBJC_IMPLICIT_RETAIN_SELF = YES;
				CLANG_WARN_OBJC_LITERAL_CONVERSION = YES;
				CLANG_WARN_OBJC_ROOT_CLASS = YES_ERROR;
				CLANG_WARN_QUOTED_INCLUDE_IN_FRAMEWORK_HEADER = YES;
				CLANG_WARN_RANGE_LOOP_ANALYSIS = YES;
				CLANG_WARN_STRICT_PROTOTYPES = YES;
				CLANG_WARN_SUSPICIOUS_MOVE = YES;
				CLANG_WARN_UNGUARDED_AVAILABILITY = YES_AGGRESSIVE;
				CLANG_WARN_UNREACHABLE_CODE = YES;
				CLANG_WARN__DUPLICATE_METHOD_MATCH = YES;
				COPY_PHASE_STRIP = NO;
				DEBUG_INFORMATION_FORMAT = "dwarf-with-dsym";
				ENABLE_NS_ASSERTIONS = NO;
				ENABLE_STRICT_OBJC_MSGSEND = YES;
				GCC_C_LANGUAGE_STANDARD = gnu11;
				GCC_NO_COMMON_BLOCKS = YES;
				GCC_WARN_64_TO_32_BIT_CONVERSION = YES;
				GCC_WARN_ABOUT_RETURN_TYPE = YES_ERROR;
				GCC_WARN_UNDECLARED_SELECTOR = YES;
				GCC_WARN_UNINITIALIZED_AUTOS = YES_AGGRESSIVE;
				GCC_WARN_UNUSED_FUNCTION = YES;
				GCC_WARN_UNUSED_VARIABLE = YES;
				IPHONEOS_DEPLOYMENT_TARGET = 14.2;
				MTL_ENABLE_DEBUG_INFO = NO;
				MTL_FAST_MATH = YES;
				SDKROOT = iphoneos;
				SWIFT_COMPILATION_MODE = wholemodule;
				SWIFT_OPTIMIZATION_LEVEL = "-O";
				VALIDATE_PRODUCT = YES;
			};
			name = Release;
		};
		B38B6393259CE45500378052 /* Debug */ = {
			isa = XCBuildConfiguration;
			buildSettings = {
				ASSETCATALOG_COMPILER_APPICON_NAME = AppIcon;
				ASSETCATALOG_COMPILER_GLOBAL_ACCENT_COLOR_NAME = AccentColor;
				CODE_SIGN_STYLE = Automatic;
				DEVELOPMENT_ASSET_PATHS = "\"Menugrab/Preview Content\"";
				DEVELOPMENT_TEAM = 3L953VRPM8;
				ENABLE_PREVIEWS = YES;
				INFOPLIST_FILE = Menugrab/Info.plist;
				IPHONEOS_DEPLOYMENT_TARGET = 14.0;
				LD_RUNPATH_SEARCH_PATHS = (
					"$(inherited)",
					"@executable_path/Frameworks",
				);
				PRODUCT_BUNDLE_IDENTIFIER = com.guillevc.Menugrab;
				PRODUCT_NAME = "$(TARGET_NAME)";
				SWIFT_VERSION = 5.0;
				TARGETED_DEVICE_FAMILY = "1,2";
			};
			name = Debug;
		};
		B38B6394259CE45500378052 /* Release */ = {
			isa = XCBuildConfiguration;
			buildSettings = {
				ASSETCATALOG_COMPILER_APPICON_NAME = AppIcon;
				ASSETCATALOG_COMPILER_GLOBAL_ACCENT_COLOR_NAME = AccentColor;
				CODE_SIGN_STYLE = Automatic;
				DEVELOPMENT_ASSET_PATHS = "\"Menugrab/Preview Content\"";
				DEVELOPMENT_TEAM = 3L953VRPM8;
				ENABLE_PREVIEWS = YES;
				INFOPLIST_FILE = Menugrab/Info.plist;
				IPHONEOS_DEPLOYMENT_TARGET = 14.0;
				LD_RUNPATH_SEARCH_PATHS = (
					"$(inherited)",
					"@executable_path/Frameworks",
				);
				PRODUCT_BUNDLE_IDENTIFIER = com.guillevc.Menugrab;
				PRODUCT_NAME = "$(TARGET_NAME)";
				SWIFT_VERSION = 5.0;
				TARGETED_DEVICE_FAMILY = "1,2";
			};
			name = Release;
		};
		B38B6396259CE45500378052 /* Debug */ = {
			isa = XCBuildConfiguration;
			buildSettings = {
				ALWAYS_EMBED_SWIFT_STANDARD_LIBRARIES = YES;
				BUNDLE_LOADER = "$(TEST_HOST)";
				CODE_SIGN_STYLE = Automatic;
				DEVELOPMENT_TEAM = 3L953VRPM8;
				INFOPLIST_FILE = MenugrabTests/Info.plist;
				IPHONEOS_DEPLOYMENT_TARGET = 14.0;
				LD_RUNPATH_SEARCH_PATHS = (
					"$(inherited)",
					"@executable_path/Frameworks",
					"@loader_path/Frameworks",
				);
				PRODUCT_BUNDLE_IDENTIFIER = com.guillevc.MenugrabTests;
				PRODUCT_NAME = "$(TARGET_NAME)";
				SWIFT_VERSION = 5.0;
				TARGETED_DEVICE_FAMILY = "1,2";
				TEST_HOST = "$(BUILT_PRODUCTS_DIR)/Menugrab.app/Menugrab";
			};
			name = Debug;
		};
		B38B6397259CE45500378052 /* Release */ = {
			isa = XCBuildConfiguration;
			buildSettings = {
				ALWAYS_EMBED_SWIFT_STANDARD_LIBRARIES = YES;
				BUNDLE_LOADER = "$(TEST_HOST)";
				CODE_SIGN_STYLE = Automatic;
				DEVELOPMENT_TEAM = 3L953VRPM8;
				INFOPLIST_FILE = MenugrabTests/Info.plist;
				IPHONEOS_DEPLOYMENT_TARGET = 14.0;
				LD_RUNPATH_SEARCH_PATHS = (
					"$(inherited)",
					"@executable_path/Frameworks",
					"@loader_path/Frameworks",
				);
				PRODUCT_BUNDLE_IDENTIFIER = com.guillevc.MenugrabTests;
				PRODUCT_NAME = "$(TARGET_NAME)";
				SWIFT_VERSION = 5.0;
				TARGETED_DEVICE_FAMILY = "1,2";
				TEST_HOST = "$(BUILT_PRODUCTS_DIR)/Menugrab.app/Menugrab";
			};
			name = Release;
		};
		B38B6399259CE45500378052 /* Debug */ = {
			isa = XCBuildConfiguration;
			buildSettings = {
				ALWAYS_EMBED_SWIFT_STANDARD_LIBRARIES = YES;
				CODE_SIGN_STYLE = Automatic;
				DEVELOPMENT_TEAM = 3L953VRPM8;
				INFOPLIST_FILE = MenugrabUITests/Info.plist;
				LD_RUNPATH_SEARCH_PATHS = (
					"$(inherited)",
					"@executable_path/Frameworks",
					"@loader_path/Frameworks",
				);
				PRODUCT_BUNDLE_IDENTIFIER = com.guillevc.MenugrabUITests;
				PRODUCT_NAME = "$(TARGET_NAME)";
				SWIFT_VERSION = 5.0;
				TARGETED_DEVICE_FAMILY = "1,2";
				TEST_TARGET_NAME = Menugrab;
			};
			name = Debug;
		};
		B38B639A259CE45500378052 /* Release */ = {
			isa = XCBuildConfiguration;
			buildSettings = {
				ALWAYS_EMBED_SWIFT_STANDARD_LIBRARIES = YES;
				CODE_SIGN_STYLE = Automatic;
				DEVELOPMENT_TEAM = 3L953VRPM8;
				INFOPLIST_FILE = MenugrabUITests/Info.plist;
				LD_RUNPATH_SEARCH_PATHS = (
					"$(inherited)",
					"@executable_path/Frameworks",
					"@loader_path/Frameworks",
				);
				PRODUCT_BUNDLE_IDENTIFIER = com.guillevc.MenugrabUITests;
				PRODUCT_NAME = "$(TARGET_NAME)";
				SWIFT_VERSION = 5.0;
				TARGETED_DEVICE_FAMILY = "1,2";
				TEST_TARGET_NAME = Menugrab;
			};
			name = Release;
		};
/* End XCBuildConfiguration section */

/* Begin XCConfigurationList section */
		B38B6368259CE45000378052 /* Build configuration list for PBXProject "Menugrab" */ = {
			isa = XCConfigurationList;
			buildConfigurations = (
				B38B6390259CE45400378052 /* Debug */,
				B38B6391259CE45500378052 /* Release */,
			);
			defaultConfigurationIsVisible = 0;
			defaultConfigurationName = Release;
		};
		B38B6392259CE45500378052 /* Build configuration list for PBXNativeTarget "Menugrab" */ = {
			isa = XCConfigurationList;
			buildConfigurations = (
				B38B6393259CE45500378052 /* Debug */,
				B38B6394259CE45500378052 /* Release */,
			);
			defaultConfigurationIsVisible = 0;
			defaultConfigurationName = Release;
		};
		B38B6395259CE45500378052 /* Build configuration list for PBXNativeTarget "MenugrabTests" */ = {
			isa = XCConfigurationList;
			buildConfigurations = (
				B38B6396259CE45500378052 /* Debug */,
				B38B6397259CE45500378052 /* Release */,
			);
			defaultConfigurationIsVisible = 0;
			defaultConfigurationName = Release;
		};
		B38B6398259CE45500378052 /* Build configuration list for PBXNativeTarget "MenugrabUITests" */ = {
			isa = XCConfigurationList;
			buildConfigurations = (
				B38B6399259CE45500378052 /* Debug */,
				B38B639A259CE45500378052 /* Release */,
			);
			defaultConfigurationIsVisible = 0;
			defaultConfigurationName = Release;
		};
/* End XCConfigurationList section */
	};
	rootObject = B38B6365259CE45000378052 /* Project object */;
}
