// !$*UTF8*$!
{
	archiveVersion = 1;
	classes = {
	};
	objectVersion = 52;
	objects = {

/* Begin PBXBuildFile section */
		B30AAB1D25B47EDC00EC9EBA /* RoundedRectangleSpecificCorners.swift in Sources */ = {isa = PBXBuildFile; fileRef = B30AAB1C25B47EDC00EC9EBA /* RoundedRectangleSpecificCorners.swift */; };
		B3147BEC25B519E2007EF4D7 /* FirebaseAuth in Frameworks */ = {isa = PBXBuildFile; productRef = B3147BEB25B519E2007EF4D7 /* FirebaseAuth */; };
		B3147BF125B51D87007EF4D7 /* GoogleService-Info.plist in Resources */ = {isa = PBXBuildFile; fileRef = B3147BF025B51D87007EF4D7 /* GoogleService-Info.plist */; };
		B3247FE7261D2BB4001EC1CC /* OrderDetailsViewModel.swift in Sources */ = {isa = PBXBuildFile; fileRef = B3247FE6261D2BB4001EC1CC /* OrderDetailsViewModel.swift */; };
		B329FE68259F6EE100B404A7 /* SecondaryButtonView.swift in Sources */ = {isa = PBXBuildFile; fileRef = B329FE67259F6EE100B404A7 /* SecondaryButtonView.swift */; };
		B329FE6D259F7E4600B404A7 /* Basket.swift in Sources */ = {isa = PBXBuildFile; fileRef = B329FE6C259F7E4600B404A7 /* Basket.swift */; };
		B3311741259D2EFC0016619A /* BasketView.swift in Sources */ = {isa = PBXBuildFile; fileRef = B3311740259D2EFC0016619A /* BasketView.swift */; };
		B3311749259D35740016619A /* RestaurantMenuView.swift in Sources */ = {isa = PBXBuildFile; fileRef = B3311748259D35740016619A /* RestaurantMenuView.swift */; };
		B3311751259D57E80016619A /* IdentityButtonStyle.swift in Sources */ = {isa = PBXBuildFile; fileRef = B3311750259D57E80016619A /* IdentityButtonStyle.swift */; };
		B331DF8C25B1069200912AFC /* ImagesService.swift in Sources */ = {isa = PBXBuildFile; fileRef = B331DF8B25B1069200912AFC /* ImagesService.swift */; };
		B331DF9125B106C200912AFC /* ImagesWebRepository.swift in Sources */ = {isa = PBXBuildFile; fileRef = B331DF9025B106C200912AFC /* ImagesWebRepository.swift */; };
		B331DF9625B1145800912AFC /* LoadableImageView.swift in Sources */ = {isa = PBXBuildFile; fileRef = B331DF9525B1145800912AFC /* LoadableImageView.swift */; };
		B33D527625AE5B7C003ADD1A /* Models+SampleData.swift in Sources */ = {isa = PBXBuildFile; fileRef = B33D527525AE5B7C003ADD1A /* Models+SampleData.swift */; };
		B344A5D525FBFD4B005E6F6F /* OrdersService.swift in Sources */ = {isa = PBXBuildFile; fileRef = B344A5D425FBFD4B005E6F6F /* OrdersService.swift */; };
		B344A5DA25FBFE95005E6F6F /* OrdersWebRepository.swift in Sources */ = {isa = PBXBuildFile; fileRef = B344A5D925FBFE95005E6F6F /* OrdersWebRepository.swift */; };
		B3495BA3261E6A210057580E /* MenugrabAppClipApp.swift in Sources */ = {isa = PBXBuildFile; fileRef = B3495BA2261E6A210057580E /* MenugrabAppClipApp.swift */; };
		B3495BA5261E6A210057580E /* ContentView.swift in Sources */ = {isa = PBXBuildFile; fileRef = B3495BA4261E6A210057580E /* ContentView.swift */; };
		B3495BA7261E6A270057580E /* Assets.xcassets in Resources */ = {isa = PBXBuildFile; fileRef = B3495BA6261E6A270057580E /* Assets.xcassets */; };
		B3495BAA261E6A270057580E /* Preview Assets.xcassets in Resources */ = {isa = PBXBuildFile; fileRef = B3495BA9261E6A270057580E /* Preview Assets.xcassets */; };
		B3495BB6261E6A270057580E /* MenugrabAppClipTests.swift in Sources */ = {isa = PBXBuildFile; fileRef = B3495BB5261E6A270057580E /* MenugrabAppClipTests.swift */; };
		B3495BC1261E6A270057580E /* MenugrabAppClipUITests.swift in Sources */ = {isa = PBXBuildFile; fileRef = B3495BC0261E6A270057580E /* MenugrabAppClipUITests.swift */; };
		B3495BC5261E6A270057580E /* MenugrabAppClip.app in Embed App Clips */ = {isa = PBXBuildFile; fileRef = B3495BA0261E6A210057580E /* MenugrabAppClip.app */; settings = {ATTRIBUTES = (RemoveHeadersOnCopy, ); }; };
		B34B4119259F559400C64D34 /* ZigZagBackgroundView.swift in Sources */ = {isa = PBXBuildFile; fileRef = B34B4118259F559400C64D34 /* ZigZagBackgroundView.swift */; };
		B35129962612579200BC6AAB /* UserPermissionsService.swift in Sources */ = {isa = PBXBuildFile; fileRef = B35129952612579200BC6AAB /* UserPermissionsService.swift */; };
		B35B9D1E259D765100488D75 /* Menu.swift in Sources */ = {isa = PBXBuildFile; fileRef = B35B9D1D259D765100488D75 /* Menu.swift */; };
		B367204825AD18D400926040 /* Date+.swift in Sources */ = {isa = PBXBuildFile; fileRef = B367204725AD18D400926040 /* Date+.swift */; };
		B369DB2E25B90A6E000013A1 /* RestaurantMenuViewModel.swift in Sources */ = {isa = PBXBuildFile; fileRef = B369DB2D25B90A6E000013A1 /* RestaurantMenuViewModel.swift */; };
		B36A6E8425AFB6CE00EAC483 /* AnyCancellableBag.swift in Sources */ = {isa = PBXBuildFile; fileRef = B36A6E8325AFB6CE00EAC483 /* AnyCancellableBag.swift */; };
		B36A6E9025AFBF3800EAC483 /* AppState.swift in Sources */ = {isa = PBXBuildFile; fileRef = B36A6E8F25AFBF3800EAC483 /* AppState.swift */; };
		B36A6E9825AFBF9C00EAC483 /* Store.swift in Sources */ = {isa = PBXBuildFile; fileRef = B36A6E9725AFBF9C00EAC483 /* Store.swift */; };
		B373A9CD259CF87B0089FA60 /* Color+.swift in Sources */ = {isa = PBXBuildFile; fileRef = B373A9CC259CF87A0089FA60 /* Color+.swift */; };
		B373A9EA259D167F0089FA60 /* View+.swift in Sources */ = {isa = PBXBuildFile; fileRef = B373A9E9259D167F0089FA60 /* View+.swift */; };
		B37405852615EFE500ABA766 /* RestaurantNameTitleView.swift in Sources */ = {isa = PBXBuildFile; fileRef = B37405842615EFE500ABA766 /* RestaurantNameTitleView.swift */; };
		B374058A2615F1B900ABA766 /* OrderItemView.swift in Sources */ = {isa = PBXBuildFile; fileRef = B37405892615F1B900ABA766 /* OrderItemView.swift */; };
		B38687DD25A653540026B592 /* RestaurantMoreInfoView.swift in Sources */ = {isa = PBXBuildFile; fileRef = B38687DC25A653540026B592 /* RestaurantMoreInfoView.swift */; };
		B38687E225A655E10026B592 /* RestaurantLocationSectionView.swift in Sources */ = {isa = PBXBuildFile; fileRef = B38687E125A655E10026B592 /* RestaurantLocationSectionView.swift */; };
		B38687E725A65AF70026B592 /* RestaurantMapView.swift in Sources */ = {isa = PBXBuildFile; fileRef = B38687E625A65AF70026B592 /* RestaurantMapView.swift */; };
		B3880BDA25F98C2A006317BC /* ContentView.swift in Sources */ = {isa = PBXBuildFile; fileRef = B3880BD925F98C2A006317BC /* ContentView.swift */; };
		B3880BDF25F98D1F006317BC /* ContentViewModel.swift in Sources */ = {isa = PBXBuildFile; fileRef = B3880BDE25F98D1F006317BC /* ContentViewModel.swift */; };
		B38B6371259CE45100378052 /* MenugrabApp.swift in Sources */ = {isa = PBXBuildFile; fileRef = B38B6370259CE45100378052 /* MenugrabApp.swift */; };
		B38B6375259CE45400378052 /* Assets.xcassets in Resources */ = {isa = PBXBuildFile; fileRef = B38B6374259CE45400378052 /* Assets.xcassets */; };
		B38B6378259CE45400378052 /* Preview Assets.xcassets in Resources */ = {isa = PBXBuildFile; fileRef = B38B6377259CE45400378052 /* Preview Assets.xcassets */; };
		B38B6383259CE45400378052 /* MenugrabTests.swift in Sources */ = {isa = PBXBuildFile; fileRef = B38B6382259CE45400378052 /* MenugrabTests.swift */; };
		B38B638E259CE45400378052 /* MenugrabUITests.swift in Sources */ = {isa = PBXBuildFile; fileRef = B38B638D259CE45400378052 /* MenugrabUITests.swift */; };
		B38B63B9259CE4F500378052 /* Restaurant.swift in Sources */ = {isa = PBXBuildFile; fileRef = B38B63B8259CE4F500378052 /* Restaurant.swift */; };
		B38B63C4259CE55C00378052 /* AllRestaurantsView.swift in Sources */ = {isa = PBXBuildFile; fileRef = B38B63BE259CE55C00378052 /* AllRestaurantsView.swift */; };
		B38B63C5259CE55C00378052 /* HomeView.swift in Sources */ = {isa = PBXBuildFile; fileRef = B38B63BF259CE55C00378052 /* HomeView.swift */; };
		B38B63C6259CE55C00378052 /* HomeSearchView.swift in Sources */ = {isa = PBXBuildFile; fileRef = B38B63C0259CE55C00378052 /* HomeSearchView.swift */; };
		B38B63C7259CE55C00378052 /* RestaurantSearchInputView.swift in Sources */ = {isa = PBXBuildFile; fileRef = B38B63C2259CE55C00378052 /* RestaurantSearchInputView.swift */; };
		B38B63C8259CE55C00378052 /* RestaurantCellView.swift in Sources */ = {isa = PBXBuildFile; fileRef = B38B63C3259CE55C00378052 /* RestaurantCellView.swift */; };
		B38B63CE259CE56A00378052 /* UINavigationController+.swift in Sources */ = {isa = PBXBuildFile; fileRef = B38B63CD259CE56A00378052 /* UINavigationController+.swift */; };
		B38B63D9259CE59E00378052 /* DMSans-Regular.ttf in Resources */ = {isa = PBXBuildFile; fileRef = B38B63D3259CE59E00378052 /* DMSans-Regular.ttf */; };
		B38B63DA259CE59E00378052 /* DMSans-Medium.ttf in Resources */ = {isa = PBXBuildFile; fileRef = B38B63D4259CE59E00378052 /* DMSans-Medium.ttf */; };
		B38B63DB259CE59E00378052 /* DMSans-Bold.ttf in Resources */ = {isa = PBXBuildFile; fileRef = B38B63D5259CE59E00378052 /* DMSans-Bold.ttf */; };
		B38ED85C260522DA0003723D /* AboutView.swift in Sources */ = {isa = PBXBuildFile; fileRef = B38ED85B260522DA0003723D /* AboutView.swift */; };
		B38ED8642605245E0003723D /* AboutViewModel.swift in Sources */ = {isa = PBXBuildFile; fileRef = B38ED8632605245E0003723D /* AboutViewModel.swift */; };
		B398A463260D542B00C5D6F0 /* BasketViewModel.swift in Sources */ = {isa = PBXBuildFile; fileRef = B398A462260D542B00C5D6F0 /* BasketViewModel.swift */; };
		B398E13725A0CB6F00F480E7 /* RestaurantFilterAppliedTagView.swift in Sources */ = {isa = PBXBuildFile; fileRef = B398E13625A0CB6F00F480E7 /* RestaurantFilterAppliedTagView.swift */; };
		B39CB2EE25A4201000823800 /* Constants.swift in Sources */ = {isa = PBXBuildFile; fileRef = B39CB2ED25A4201000823800 /* Constants.swift */; };
		B3A21E2625A93C630036E399 /* AccountView.swift in Sources */ = {isa = PBXBuildFile; fileRef = B3A21E2525A93C630036E399 /* AccountView.swift */; };
		B3A21E2B25A93C760036E399 /* AccountDetailsFormView.swift in Sources */ = {isa = PBXBuildFile; fileRef = B3A21E2A25A93C760036E399 /* AccountDetailsFormView.swift */; };
		B3A21E3025A93C8A0036E399 /* OrdersView.swift in Sources */ = {isa = PBXBuildFile; fileRef = B3A21E2F25A93C8A0036E399 /* OrdersView.swift */; };
		B3A21E3525A93C950036E399 /* OrderDetailsView.swift in Sources */ = {isa = PBXBuildFile; fileRef = B3A21E3425A93C950036E399 /* OrderDetailsView.swift */; };
		B3A21E3C25A93D310036E399 /* User.swift in Sources */ = {isa = PBXBuildFile; fileRef = B3A21E3B25A93D310036E399 /* User.swift */; };
		B3AE2DBD25A78D9400E5ED60 /* LinkIfDestinationNotNull.swift in Sources */ = {isa = PBXBuildFile; fileRef = B3AE2DBC25A78D9400E5ED60 /* LinkIfDestinationNotNull.swift */; };
		B3AE501625B0B298008F9FF4 /* DIContainer.swift in Sources */ = {isa = PBXBuildFile; fileRef = B3AE501525B0B298008F9FF4 /* DIContainer.swift */; };
		B3AE503325B0BDD7008F9FF4 /* Publisher+SinkToLoadable.swift in Sources */ = {isa = PBXBuildFile; fileRef = B36A6E9C25AFC88500EAC483 /* Publisher+SinkToLoadable.swift */; };
		B3AE504225B0BEEB008F9FF4 /* AnyCancellable+StoreInAnyCancellableBag.swift in Sources */ = {isa = PBXBuildFile; fileRef = B3AE504125B0BEEB008F9FF4 /* AnyCancellable+StoreInAnyCancellableBag.swift */; };
		B3AF0A5C261BA477003065EB /* OrderItemsTotalPriceView.swift in Sources */ = {isa = PBXBuildFile; fileRef = B3AF0A5B261BA477003065EB /* OrderItemsTotalPriceView.swift */; };
		B3B0BCA025A7F3080068C1EC /* Divider+.swift in Sources */ = {isa = PBXBuildFile; fileRef = B3B0BC9F25A7F3080068C1EC /* Divider+.swift */; };
		B3B0BCAD25A7F9580068C1EC /* CustomNavigationBarView.swift in Sources */ = {isa = PBXBuildFile; fileRef = B3B0BCAC25A7F9580068C1EC /* CustomNavigationBarView.swift */; };
		B3B432A7261E79E300A8886F /* GoogleService-Info.plist in Resources */ = {isa = PBXBuildFile; fileRef = B3B432A6261E79E200A8886F /* GoogleService-Info.plist */; };
		B3B432B4261E7A1700A8886F /* Assets.xcassets in Resources */ = {isa = PBXBuildFile; fileRef = B38B6374259CE45400378052 /* Assets.xcassets */; };
		B3B432BB261E7A2100A8886F /* DMSans-Bold.ttf in Resources */ = {isa = PBXBuildFile; fileRef = B38B63D5259CE59E00378052 /* DMSans-Bold.ttf */; };
		B3B432BC261E7A2100A8886F /* DMSans-Medium.ttf in Resources */ = {isa = PBXBuildFile; fileRef = B38B63D4259CE59E00378052 /* DMSans-Medium.ttf */; };
		B3B432BD261E7A2100A8886F /* DMSans-Regular.ttf in Resources */ = {isa = PBXBuildFile; fileRef = B38B63D3259CE59E00378052 /* DMSans-Regular.ttf */; };
		B3B8F90225B0CBBA00DE92AA /* AppEnvironment.swift in Sources */ = {isa = PBXBuildFile; fileRef = B3B8F90125B0CBBA00DE92AA /* AppEnvironment.swift */; };
		B3B9BD4426262CD500DBB16F /* EnvironmentVariables.swift in Sources */ = {isa = PBXBuildFile; fileRef = B3B9BD4326262CD500DBB16F /* EnvironmentVariables.swift */; };
		B3C20B9425A3D64200B3B595 /* Decimal+Currency.swift in Sources */ = {isa = PBXBuildFile; fileRef = B3C20B9325A3D64200B3B595 /* Decimal+Currency.swift */; };
		B3D0BF5725AE6CFA00FF2B28 /* RestaurantsWebRepository.swift in Sources */ = {isa = PBXBuildFile; fileRef = B3D0BF5625AE6CFA00FF2B28 /* RestaurantsWebRepository.swift */; };
		B3D0BF6025AE715200FF2B28 /* WebRepository.swift in Sources */ = {isa = PBXBuildFile; fileRef = B3D0BF5F25AE715200FF2B28 /* WebRepository.swift */; };
		B3D0BF6525AE733300FF2B28 /* APICall.swift in Sources */ = {isa = PBXBuildFile; fileRef = B3D0BF6425AE733300FF2B28 /* APICall.swift */; };
		B3D0BF6A25AE740200FF2B28 /* APIError.swift in Sources */ = {isa = PBXBuildFile; fileRef = B3D0BF6925AE740200FF2B28 /* APIError.swift */; };
		B3D0BF7825AE80B900FF2B28 /* RestaurantsService.swift in Sources */ = {isa = PBXBuildFile; fileRef = B3D0BF7725AE80B900FF2B28 /* RestaurantsService.swift */; };
		B3D5ADD325A26C4700F0E58C /* Order.swift in Sources */ = {isa = PBXBuildFile; fileRef = B3D5ADD225A26C4700F0E58C /* Order.swift */; };
		B3D9D26A25AFADB300F6DBDB /* Loadable.swift in Sources */ = {isa = PBXBuildFile; fileRef = B3D9D26925AFADB300F6DBDB /* Loadable.swift */; };
		B3E0B58825FABF4E000935A8 /* AccountViewModel.swift in Sources */ = {isa = PBXBuildFile; fileRef = B3E0B58725FABF4E000935A8 /* AccountViewModel.swift */; };
		B3E0B59025FAC1B5000935A8 /* AccountDetailsFormViewModel.swift in Sources */ = {isa = PBXBuildFile; fileRef = B3E0B58F25FAC1B5000935A8 /* AccountDetailsFormViewModel.swift */; };
		B3E0B59525FAEBC9000935A8 /* OrdersViewModel.swift in Sources */ = {isa = PBXBuildFile; fileRef = B3E0B59425FAEBC9000935A8 /* OrdersViewModel.swift */; };
		B3E4797F25B6346200F61D27 /* HomeViewModel.swift in Sources */ = {isa = PBXBuildFile; fileRef = B3E4797E25B6346200F61D27 /* HomeViewModel.swift */; };
		B3E88076261E6CB900885BBC /* FirebaseAuth in Frameworks */ = {isa = PBXBuildFile; productRef = B3E88075261E6CB900885BBC /* FirebaseAuth */; };
		B3E8807D261E6D6700885BBC /* DIContainer.swift in Sources */ = {isa = PBXBuildFile; fileRef = B3AE501525B0B298008F9FF4 /* DIContainer.swift */; };
		B3E8807E261E6D6700885BBC /* Store.swift in Sources */ = {isa = PBXBuildFile; fileRef = B36A6E9725AFBF9C00EAC483 /* Store.swift */; };
		B3E8807F261E6D6700885BBC /* AppEnvironment.swift in Sources */ = {isa = PBXBuildFile; fileRef = B3B8F90125B0CBBA00DE92AA /* AppEnvironment.swift */; };
		B3E88080261E6D6700885BBC /* AppState.swift in Sources */ = {isa = PBXBuildFile; fileRef = B36A6E8F25AFBF3800EAC483 /* AppState.swift */; };
		B3E88087261E6D7A00885BBC /* OrdersWebRepository.swift in Sources */ = {isa = PBXBuildFile; fileRef = B344A5D925FBFE95005E6F6F /* OrdersWebRepository.swift */; };
		B3E88088261E6D7A00885BBC /* ImagesWebRepository.swift in Sources */ = {isa = PBXBuildFile; fileRef = B331DF9025B106C200912AFC /* ImagesWebRepository.swift */; };
		B3E88089261E6D7A00885BBC /* RestaurantsWebRepository.swift in Sources */ = {isa = PBXBuildFile; fileRef = B3D0BF5625AE6CFA00FF2B28 /* RestaurantsWebRepository.swift */; };
		B3E88090261E6D8600885BBC /* WebRepository.swift in Sources */ = {isa = PBXBuildFile; fileRef = B3D0BF5F25AE715200FF2B28 /* WebRepository.swift */; };
		B3E88091261E6D8600885BBC /* APICall.swift in Sources */ = {isa = PBXBuildFile; fileRef = B3D0BF6425AE733300FF2B28 /* APICall.swift */; };
		B3E88092261E6D8600885BBC /* APIError.swift in Sources */ = {isa = PBXBuildFile; fileRef = B3D0BF6925AE740200FF2B28 /* APIError.swift */; };
		B3E88099261E6D9200885BBC /* Basket.swift in Sources */ = {isa = PBXBuildFile; fileRef = B329FE6C259F7E4600B404A7 /* Basket.swift */; };
		B3E8809A261E6D9200885BBC /* Order.swift in Sources */ = {isa = PBXBuildFile; fileRef = B3D5ADD225A26C4700F0E58C /* Order.swift */; };
		B3E8809B261E6D9200885BBC /* Restaurant.swift in Sources */ = {isa = PBXBuildFile; fileRef = B38B63B8259CE4F500378052 /* Restaurant.swift */; };
		B3E8809C261E6D9200885BBC /* User.swift in Sources */ = {isa = PBXBuildFile; fileRef = B3A21E3B25A93D310036E399 /* User.swift */; };
		B3E8809D261E6D9200885BBC /* Menu.swift in Sources */ = {isa = PBXBuildFile; fileRef = B35B9D1D259D765100488D75 /* Menu.swift */; };
		B3E880A4261E6D9600885BBC /* UsersService.swift in Sources */ = {isa = PBXBuildFile; fileRef = B3FB495B25BA15FF007B4C97 /* UsersService.swift */; };
		B3E880A5261E6D9600885BBC /* UserPermissionsService.swift in Sources */ = {isa = PBXBuildFile; fileRef = B35129952612579200BC6AAB /* UserPermissionsService.swift */; };
		B3E880A6261E6D9600885BBC /* RestaurantsService.swift in Sources */ = {isa = PBXBuildFile; fileRef = B3D0BF7725AE80B900FF2B28 /* RestaurantsService.swift */; };
		B3E880A7261E6D9600885BBC /* ImagesService.swift in Sources */ = {isa = PBXBuildFile; fileRef = B331DF8B25B1069200912AFC /* ImagesService.swift */; };
		B3E880A8261E6D9600885BBC /* OrdersService.swift in Sources */ = {isa = PBXBuildFile; fileRef = B344A5D425FBFD4B005E6F6F /* OrdersService.swift */; };
		B3E880AF261E6D9A00885BBC /* Loadable.swift in Sources */ = {isa = PBXBuildFile; fileRef = B3D9D26925AFADB300F6DBDB /* Loadable.swift */; };
		B3E880B0261E6D9A00885BBC /* AnyCancellableBag.swift in Sources */ = {isa = PBXBuildFile; fileRef = B36A6E8325AFB6CE00EAC483 /* AnyCancellableBag.swift */; };
		B3E880B1261E6D9A00885BBC /* FirebaseAuth+Publisher.swift in Sources */ = {isa = PBXBuildFile; fileRef = B3FB496825BA59A6007B4C97 /* FirebaseAuth+Publisher.swift */; };
		B3E880B2261E6D9A00885BBC /* AnyCancellable+StoreInAnyCancellableBag.swift in Sources */ = {isa = PBXBuildFile; fileRef = B3AE504125B0BEEB008F9FF4 /* AnyCancellable+StoreInAnyCancellableBag.swift */; };
		B3E880B3261E6D9A00885BBC /* Publisher+SinkToLoadable.swift in Sources */ = {isa = PBXBuildFile; fileRef = B36A6E9C25AFC88500EAC483 /* Publisher+SinkToLoadable.swift */; };
		B3E880BA261E6DB800885BBC /* Models+SampleData.swift in Sources */ = {isa = PBXBuildFile; fileRef = B33D527525AE5B7C003ADD1A /* Models+SampleData.swift */; };
		B3E880C1261E6ECD00885BBC /* Decimal+Currency.swift in Sources */ = {isa = PBXBuildFile; fileRef = B3C20B9325A3D64200B3B595 /* Decimal+Currency.swift */; };
		B3E880CA261E70E100885BBC /* ContentViewModel.swift in Sources */ = {isa = PBXBuildFile; fileRef = B3E880C9261E70E100885BBC /* ContentViewModel.swift */; };
		B3E880E9261E745B00885BBC /* RestaurantMenuView.swift in Sources */ = {isa = PBXBuildFile; fileRef = B3311748259D35740016619A /* RestaurantMenuView.swift */; };
		B3E880EA261E745B00885BBC /* RestaurantMenuViewModel.swift in Sources */ = {isa = PBXBuildFile; fileRef = B369DB2D25B90A6E000013A1 /* RestaurantMenuViewModel.swift */; };
		B3E880EB261E745B00885BBC /* RestaurantMoreInfoView.swift in Sources */ = {isa = PBXBuildFile; fileRef = B38687DC25A653540026B592 /* RestaurantMoreInfoView.swift */; };
		B3E880F2261E745F00885BBC /* BasketView.swift in Sources */ = {isa = PBXBuildFile; fileRef = B3311740259D2EFC0016619A /* BasketView.swift */; };
		B3E880F3261E745F00885BBC /* BasketViewModel.swift in Sources */ = {isa = PBXBuildFile; fileRef = B398A462260D542B00C5D6F0 /* BasketViewModel.swift */; };
		B3E880FA261E746D00885BBC /* OrderDetailsViewModel.swift in Sources */ = {isa = PBXBuildFile; fileRef = B3247FE6261D2BB4001EC1CC /* OrderDetailsViewModel.swift */; };
		B3E880FB261E746D00885BBC /* OrderDetailsView.swift in Sources */ = {isa = PBXBuildFile; fileRef = B3A21E3425A93C950036E399 /* OrderDetailsView.swift */; };
		B3E88102261E747300885BBC /* SecondaryButtonView.swift in Sources */ = {isa = PBXBuildFile; fileRef = B329FE67259F6EE100B404A7 /* SecondaryButtonView.swift */; };
		B3E88103261E747300885BBC /* OrderItemView.swift in Sources */ = {isa = PBXBuildFile; fileRef = B37405892615F1B900ABA766 /* OrderItemView.swift */; };
		B3E88104261E747300885BBC /* RestaurantLocationSectionView.swift in Sources */ = {isa = PBXBuildFile; fileRef = B38687E125A655E10026B592 /* RestaurantLocationSectionView.swift */; };
		B3E88105261E747300885BBC /* ZigZagBackgroundView.swift in Sources */ = {isa = PBXBuildFile; fileRef = B34B4118259F559400C64D34 /* ZigZagBackgroundView.swift */; };
		B3E88106261E747300885BBC /* RestaurantMapView.swift in Sources */ = {isa = PBXBuildFile; fileRef = B38687E625A65AF70026B592 /* RestaurantMapView.swift */; };
		B3E88107261E747300885BBC /* RoundedRectangleSpecificCorners.swift in Sources */ = {isa = PBXBuildFile; fileRef = B30AAB1C25B47EDC00EC9EBA /* RoundedRectangleSpecificCorners.swift */; };
		B3E88108261E747300885BBC /* CustomNavigationBarView.swift in Sources */ = {isa = PBXBuildFile; fileRef = B3B0BCAC25A7F9580068C1EC /* CustomNavigationBarView.swift */; };
		B3E88109261E747300885BBC /* RestaurantFilterAppliedTagView.swift in Sources */ = {isa = PBXBuildFile; fileRef = B398E13625A0CB6F00F480E7 /* RestaurantFilterAppliedTagView.swift */; };
		B3E8810A261E747300885BBC /* RestaurantSearchInputView.swift in Sources */ = {isa = PBXBuildFile; fileRef = B38B63C2259CE55C00378052 /* RestaurantSearchInputView.swift */; };
		B3E8810B261E747300885BBC /* OrderItemsTotalPriceView.swift in Sources */ = {isa = PBXBuildFile; fileRef = B3AF0A5B261BA477003065EB /* OrderItemsTotalPriceView.swift */; };
		B3E8810C261E747300885BBC /* RestaurantNameTitleView.swift in Sources */ = {isa = PBXBuildFile; fileRef = B37405842615EFE500ABA766 /* RestaurantNameTitleView.swift */; };
		B3E8810D261E747300885BBC /* RestaurantCellView.swift in Sources */ = {isa = PBXBuildFile; fileRef = B38B63C3259CE55C00378052 /* RestaurantCellView.swift */; };
		B3E88114261E747800885BBC /* IdentityButtonStyle.swift in Sources */ = {isa = PBXBuildFile; fileRef = B3311750259D57E80016619A /* IdentityButtonStyle.swift */; };
		B3E88115261E747800885BBC /* LinkIfDestinationNotNull.swift in Sources */ = {isa = PBXBuildFile; fileRef = B3AE2DBC25A78D9400E5ED60 /* LinkIfDestinationNotNull.swift */; };
		B3E88116261E747800885BBC /* Date+.swift in Sources */ = {isa = PBXBuildFile; fileRef = B367204725AD18D400926040 /* Date+.swift */; };
		B3E88117261E747800885BBC /* LoadableImageView.swift in Sources */ = {isa = PBXBuildFile; fileRef = B331DF9525B1145800912AFC /* LoadableImageView.swift */; };
		B3E88118261E747800885BBC /* Color+.swift in Sources */ = {isa = PBXBuildFile; fileRef = B373A9CC259CF87A0089FA60 /* Color+.swift */; };
		B3E88119261E747800885BBC /* Divider+.swift in Sources */ = {isa = PBXBuildFile; fileRef = B3B0BC9F25A7F3080068C1EC /* Divider+.swift */; };
		B3E8811A261E747800885BBC /* Constants.swift in Sources */ = {isa = PBXBuildFile; fileRef = B39CB2ED25A4201000823800 /* Constants.swift */; };
		B3E8811B261E747800885BBC /* UINavigationController+.swift in Sources */ = {isa = PBXBuildFile; fileRef = B38B63CD259CE56A00378052 /* UINavigationController+.swift */; };
		B3E8811C261E747800885BBC /* View+.swift in Sources */ = {isa = PBXBuildFile; fileRef = B373A9E9259D167F0089FA60 /* View+.swift */; };
		B3F9AA2B25BB96C0002D7C80 /* AuthenticationViewModel.swift in Sources */ = {isa = PBXBuildFile; fileRef = B3F9AA2A25BB96C0002D7C80 /* AuthenticationViewModel.swift */; };
		B3FB495C25BA15FF007B4C97 /* UsersService.swift in Sources */ = {isa = PBXBuildFile; fileRef = B3FB495B25BA15FF007B4C97 /* UsersService.swift */; };
		B3FB496125BA1C55007B4C97 /* AuthenticationView.swift in Sources */ = {isa = PBXBuildFile; fileRef = B3FB496025BA1C55007B4C97 /* AuthenticationView.swift */; };
		B3FB496925BA59A6007B4C97 /* FirebaseAuth+Publisher.swift in Sources */ = {isa = PBXBuildFile; fileRef = B3FB496825BA59A6007B4C97 /* FirebaseAuth+Publisher.swift */; };
/* End PBXBuildFile section */

/* Begin PBXContainerItemProxy section */
		B3495BB2261E6A270057580E /* PBXContainerItemProxy */ = {
			isa = PBXContainerItemProxy;
			containerPortal = B38B6365259CE45000378052 /* Project object */;
			proxyType = 1;
			remoteGlobalIDString = B3495B9F261E6A210057580E;
			remoteInfo = MenugrabAppClip;
		};
		B3495BBD261E6A270057580E /* PBXContainerItemProxy */ = {
			isa = PBXContainerItemProxy;
			containerPortal = B38B6365259CE45000378052 /* Project object */;
			proxyType = 1;
			remoteGlobalIDString = B3495B9F261E6A210057580E;
			remoteInfo = MenugrabAppClip;
		};
		B3495BC3261E6A270057580E /* PBXContainerItemProxy */ = {
			isa = PBXContainerItemProxy;
			containerPortal = B38B6365259CE45000378052 /* Project object */;
			proxyType = 1;
			remoteGlobalIDString = B3495B9F261E6A210057580E;
			remoteInfo = MenugrabAppClip;
		};
		B38B637F259CE45400378052 /* PBXContainerItemProxy */ = {
			isa = PBXContainerItemProxy;
			containerPortal = B38B6365259CE45000378052 /* Project object */;
			proxyType = 1;
			remoteGlobalIDString = B38B636C259CE45000378052;
			remoteInfo = Menugrab;
		};
		B38B638A259CE45400378052 /* PBXContainerItemProxy */ = {
			isa = PBXContainerItemProxy;
			containerPortal = B38B6365259CE45000378052 /* Project object */;
			proxyType = 1;
			remoteGlobalIDString = B38B636C259CE45000378052;
			remoteInfo = Menugrab;
		};
/* End PBXContainerItemProxy section */

/* Begin PBXCopyFilesBuildPhase section */
		B3495BC6261E6A270057580E /* Embed App Clips */ = {
			isa = PBXCopyFilesBuildPhase;
			buildActionMask = 2147483647;
			dstPath = "$(CONTENTS_FOLDER_PATH)/AppClips";
			dstSubfolderSpec = 16;
			files = (
				B3495BC5261E6A270057580E /* MenugrabAppClip.app in Embed App Clips */,
			);
			name = "Embed App Clips";
			runOnlyForDeploymentPostprocessing = 0;
		};
/* End PBXCopyFilesBuildPhase section */

/* Begin PBXFileReference section */
		B30AAB1C25B47EDC00EC9EBA /* RoundedRectangleSpecificCorners.swift */ = {isa = PBXFileReference; lastKnownFileType = sourcecode.swift; path = RoundedRectangleSpecificCorners.swift; sourceTree = "<group>"; };
		B3147BF025B51D87007EF4D7 /* GoogleService-Info.plist */ = {isa = PBXFileReference; fileEncoding = 4; lastKnownFileType = text.plist.xml; path = "GoogleService-Info.plist"; sourceTree = "<group>"; };
		B3247FE6261D2BB4001EC1CC /* OrderDetailsViewModel.swift */ = {isa = PBXFileReference; lastKnownFileType = sourcecode.swift; path = OrderDetailsViewModel.swift; sourceTree = "<group>"; };
		B329FE67259F6EE100B404A7 /* SecondaryButtonView.swift */ = {isa = PBXFileReference; lastKnownFileType = sourcecode.swift; path = SecondaryButtonView.swift; sourceTree = "<group>"; };
		B329FE6C259F7E4600B404A7 /* Basket.swift */ = {isa = PBXFileReference; lastKnownFileType = sourcecode.swift; path = Basket.swift; sourceTree = "<group>"; };
		B3311740259D2EFC0016619A /* BasketView.swift */ = {isa = PBXFileReference; lastKnownFileType = sourcecode.swift; path = BasketView.swift; sourceTree = "<group>"; };
		B3311748259D35740016619A /* RestaurantMenuView.swift */ = {isa = PBXFileReference; lastKnownFileType = sourcecode.swift; path = RestaurantMenuView.swift; sourceTree = "<group>"; };
		B3311750259D57E80016619A /* IdentityButtonStyle.swift */ = {isa = PBXFileReference; lastKnownFileType = sourcecode.swift; path = IdentityButtonStyle.swift; sourceTree = "<group>"; };
		B331DF8B25B1069200912AFC /* ImagesService.swift */ = {isa = PBXFileReference; lastKnownFileType = sourcecode.swift; path = ImagesService.swift; sourceTree = "<group>"; };
		B331DF9025B106C200912AFC /* ImagesWebRepository.swift */ = {isa = PBXFileReference; lastKnownFileType = sourcecode.swift; path = ImagesWebRepository.swift; sourceTree = "<group>"; };
		B331DF9525B1145800912AFC /* LoadableImageView.swift */ = {isa = PBXFileReference; lastKnownFileType = sourcecode.swift; path = LoadableImageView.swift; sourceTree = "<group>"; };
		B33D527525AE5B7C003ADD1A /* Models+SampleData.swift */ = {isa = PBXFileReference; lastKnownFileType = sourcecode.swift; path = "Models+SampleData.swift"; sourceTree = "<group>"; };
		B344A5D425FBFD4B005E6F6F /* OrdersService.swift */ = {isa = PBXFileReference; lastKnownFileType = sourcecode.swift; path = OrdersService.swift; sourceTree = "<group>"; };
		B344A5D925FBFE95005E6F6F /* OrdersWebRepository.swift */ = {isa = PBXFileReference; lastKnownFileType = sourcecode.swift; path = OrdersWebRepository.swift; sourceTree = "<group>"; };
		B3495BA0261E6A210057580E /* MenugrabAppClip.app */ = {isa = PBXFileReference; explicitFileType = wrapper.application; includeInIndex = 0; path = MenugrabAppClip.app; sourceTree = BUILT_PRODUCTS_DIR; };
		B3495BA2261E6A210057580E /* MenugrabAppClipApp.swift */ = {isa = PBXFileReference; lastKnownFileType = sourcecode.swift; path = MenugrabAppClipApp.swift; sourceTree = "<group>"; };
		B3495BA4261E6A210057580E /* ContentView.swift */ = {isa = PBXFileReference; lastKnownFileType = sourcecode.swift; path = ContentView.swift; sourceTree = "<group>"; };
		B3495BA6261E6A270057580E /* Assets.xcassets */ = {isa = PBXFileReference; lastKnownFileType = folder.assetcatalog; path = Assets.xcassets; sourceTree = "<group>"; };
		B3495BA9261E6A270057580E /* Preview Assets.xcassets */ = {isa = PBXFileReference; lastKnownFileType = folder.assetcatalog; path = "Preview Assets.xcassets"; sourceTree = "<group>"; };
		B3495BAB261E6A270057580E /* Info.plist */ = {isa = PBXFileReference; lastKnownFileType = text.plist.xml; path = Info.plist; sourceTree = "<group>"; };
		B3495BAC261E6A270057580E /* MenugrabAppClip.entitlements */ = {isa = PBXFileReference; lastKnownFileType = text.plist.entitlements; path = MenugrabAppClip.entitlements; sourceTree = "<group>"; };
		B3495BB1261E6A270057580E /* MenugrabAppClipTests.xctest */ = {isa = PBXFileReference; explicitFileType = wrapper.cfbundle; includeInIndex = 0; path = MenugrabAppClipTests.xctest; sourceTree = BUILT_PRODUCTS_DIR; };
		B3495BB5261E6A270057580E /* MenugrabAppClipTests.swift */ = {isa = PBXFileReference; lastKnownFileType = sourcecode.swift; path = MenugrabAppClipTests.swift; sourceTree = "<group>"; };
		B3495BB7261E6A270057580E /* Info.plist */ = {isa = PBXFileReference; lastKnownFileType = text.plist.xml; path = Info.plist; sourceTree = "<group>"; };
		B3495BBC261E6A270057580E /* MenugrabAppClipUITests.xctest */ = {isa = PBXFileReference; explicitFileType = wrapper.cfbundle; includeInIndex = 0; path = MenugrabAppClipUITests.xctest; sourceTree = BUILT_PRODUCTS_DIR; };
		B3495BC0261E6A270057580E /* MenugrabAppClipUITests.swift */ = {isa = PBXFileReference; lastKnownFileType = sourcecode.swift; path = MenugrabAppClipUITests.swift; sourceTree = "<group>"; };
		B3495BC2261E6A270057580E /* Info.plist */ = {isa = PBXFileReference; lastKnownFileType = text.plist.xml; path = Info.plist; sourceTree = "<group>"; };
		B34B4118259F559400C64D34 /* ZigZagBackgroundView.swift */ = {isa = PBXFileReference; lastKnownFileType = sourcecode.swift; path = ZigZagBackgroundView.swift; sourceTree = "<group>"; };
		B35129952612579200BC6AAB /* UserPermissionsService.swift */ = {isa = PBXFileReference; lastKnownFileType = sourcecode.swift; path = UserPermissionsService.swift; sourceTree = "<group>"; };
		B35B9D1D259D765100488D75 /* Menu.swift */ = {isa = PBXFileReference; lastKnownFileType = sourcecode.swift; path = Menu.swift; sourceTree = "<group>"; };
		B367204725AD18D400926040 /* Date+.swift */ = {isa = PBXFileReference; lastKnownFileType = sourcecode.swift; path = "Date+.swift"; sourceTree = "<group>"; };
		B369DB2D25B90A6E000013A1 /* RestaurantMenuViewModel.swift */ = {isa = PBXFileReference; lastKnownFileType = sourcecode.swift; path = RestaurantMenuViewModel.swift; sourceTree = "<group>"; };
		B36A6E8325AFB6CE00EAC483 /* AnyCancellableBag.swift */ = {isa = PBXFileReference; lastKnownFileType = sourcecode.swift; path = AnyCancellableBag.swift; sourceTree = "<group>"; };
		B36A6E8F25AFBF3800EAC483 /* AppState.swift */ = {isa = PBXFileReference; lastKnownFileType = sourcecode.swift; path = AppState.swift; sourceTree = "<group>"; };
		B36A6E9725AFBF9C00EAC483 /* Store.swift */ = {isa = PBXFileReference; lastKnownFileType = sourcecode.swift; path = Store.swift; sourceTree = "<group>"; };
		B36A6E9C25AFC88500EAC483 /* Publisher+SinkToLoadable.swift */ = {isa = PBXFileReference; lastKnownFileType = sourcecode.swift; path = "Publisher+SinkToLoadable.swift"; sourceTree = "<group>"; };
		B373A9CC259CF87A0089FA60 /* Color+.swift */ = {isa = PBXFileReference; lastKnownFileType = sourcecode.swift; path = "Color+.swift"; sourceTree = "<group>"; };
		B373A9E9259D167F0089FA60 /* View+.swift */ = {isa = PBXFileReference; lastKnownFileType = sourcecode.swift; path = "View+.swift"; sourceTree = "<group>"; };
		B37405842615EFE500ABA766 /* RestaurantNameTitleView.swift */ = {isa = PBXFileReference; lastKnownFileType = sourcecode.swift; path = RestaurantNameTitleView.swift; sourceTree = "<group>"; };
		B37405892615F1B900ABA766 /* OrderItemView.swift */ = {isa = PBXFileReference; lastKnownFileType = sourcecode.swift; path = OrderItemView.swift; sourceTree = "<group>"; };
		B38687DC25A653540026B592 /* RestaurantMoreInfoView.swift */ = {isa = PBXFileReference; lastKnownFileType = sourcecode.swift; path = RestaurantMoreInfoView.swift; sourceTree = "<group>"; };
		B38687E125A655E10026B592 /* RestaurantLocationSectionView.swift */ = {isa = PBXFileReference; lastKnownFileType = sourcecode.swift; path = RestaurantLocationSectionView.swift; sourceTree = "<group>"; };
		B38687E625A65AF70026B592 /* RestaurantMapView.swift */ = {isa = PBXFileReference; lastKnownFileType = sourcecode.swift; path = RestaurantMapView.swift; sourceTree = "<group>"; };
		B3880BD925F98C2A006317BC /* ContentView.swift */ = {isa = PBXFileReference; lastKnownFileType = sourcecode.swift; path = ContentView.swift; sourceTree = "<group>"; };
		B3880BDE25F98D1F006317BC /* ContentViewModel.swift */ = {isa = PBXFileReference; lastKnownFileType = sourcecode.swift; path = ContentViewModel.swift; sourceTree = "<group>"; };
		B38B636D259CE45000378052 /* Menugrab.app */ = {isa = PBXFileReference; explicitFileType = wrapper.application; includeInIndex = 0; path = Menugrab.app; sourceTree = BUILT_PRODUCTS_DIR; };
		B38B6370259CE45100378052 /* MenugrabApp.swift */ = {isa = PBXFileReference; lastKnownFileType = sourcecode.swift; path = MenugrabApp.swift; sourceTree = "<group>"; };
		B38B6374259CE45400378052 /* Assets.xcassets */ = {isa = PBXFileReference; lastKnownFileType = folder.assetcatalog; path = Assets.xcassets; sourceTree = "<group>"; };
		B38B6377259CE45400378052 /* Preview Assets.xcassets */ = {isa = PBXFileReference; lastKnownFileType = folder.assetcatalog; path = "Preview Assets.xcassets"; sourceTree = "<group>"; };
		B38B6379259CE45400378052 /* Info.plist */ = {isa = PBXFileReference; lastKnownFileType = text.plist.xml; path = Info.plist; sourceTree = "<group>"; };
		B38B637E259CE45400378052 /* MenugrabTests.xctest */ = {isa = PBXFileReference; explicitFileType = wrapper.cfbundle; includeInIndex = 0; path = MenugrabTests.xctest; sourceTree = BUILT_PRODUCTS_DIR; };
		B38B6382259CE45400378052 /* MenugrabTests.swift */ = {isa = PBXFileReference; lastKnownFileType = sourcecode.swift; path = MenugrabTests.swift; sourceTree = "<group>"; };
		B38B6384259CE45400378052 /* Info.plist */ = {isa = PBXFileReference; lastKnownFileType = text.plist.xml; path = Info.plist; sourceTree = "<group>"; };
		B38B6389259CE45400378052 /* MenugrabUITests.xctest */ = {isa = PBXFileReference; explicitFileType = wrapper.cfbundle; includeInIndex = 0; path = MenugrabUITests.xctest; sourceTree = BUILT_PRODUCTS_DIR; };
		B38B638D259CE45400378052 /* MenugrabUITests.swift */ = {isa = PBXFileReference; lastKnownFileType = sourcecode.swift; path = MenugrabUITests.swift; sourceTree = "<group>"; };
		B38B638F259CE45400378052 /* Info.plist */ = {isa = PBXFileReference; lastKnownFileType = text.plist.xml; path = Info.plist; sourceTree = "<group>"; };
		B38B63B8259CE4F500378052 /* Restaurant.swift */ = {isa = PBXFileReference; fileEncoding = 4; lastKnownFileType = sourcecode.swift; path = Restaurant.swift; sourceTree = "<group>"; };
		B38B63BE259CE55C00378052 /* AllRestaurantsView.swift */ = {isa = PBXFileReference; fileEncoding = 4; lastKnownFileType = sourcecode.swift; path = AllRestaurantsView.swift; sourceTree = "<group>"; };
		B38B63BF259CE55C00378052 /* HomeView.swift */ = {isa = PBXFileReference; fileEncoding = 4; lastKnownFileType = sourcecode.swift; path = HomeView.swift; sourceTree = "<group>"; };
		B38B63C0259CE55C00378052 /* HomeSearchView.swift */ = {isa = PBXFileReference; fileEncoding = 4; lastKnownFileType = sourcecode.swift; path = HomeSearchView.swift; sourceTree = "<group>"; };
		B38B63C2259CE55C00378052 /* RestaurantSearchInputView.swift */ = {isa = PBXFileReference; fileEncoding = 4; lastKnownFileType = sourcecode.swift; path = RestaurantSearchInputView.swift; sourceTree = "<group>"; };
		B38B63C3259CE55C00378052 /* RestaurantCellView.swift */ = {isa = PBXFileReference; fileEncoding = 4; lastKnownFileType = sourcecode.swift; path = RestaurantCellView.swift; sourceTree = "<group>"; };
		B38B63CD259CE56A00378052 /* UINavigationController+.swift */ = {isa = PBXFileReference; fileEncoding = 4; lastKnownFileType = sourcecode.swift; path = "UINavigationController+.swift"; sourceTree = "<group>"; };
		B38B63D3259CE59E00378052 /* DMSans-Regular.ttf */ = {isa = PBXFileReference; lastKnownFileType = file; path = "DMSans-Regular.ttf"; sourceTree = "<group>"; };
		B38B63D4259CE59E00378052 /* DMSans-Medium.ttf */ = {isa = PBXFileReference; lastKnownFileType = file; path = "DMSans-Medium.ttf"; sourceTree = "<group>"; };
		B38B63D5259CE59E00378052 /* DMSans-Bold.ttf */ = {isa = PBXFileReference; lastKnownFileType = file; path = "DMSans-Bold.ttf"; sourceTree = "<group>"; };
		B38B63D6259CE59E00378052 /* DMSans-BoldItalic.ttf */ = {isa = PBXFileReference; lastKnownFileType = file; path = "DMSans-BoldItalic.ttf"; sourceTree = "<group>"; };
		B38B63D7259CE59E00378052 /* DMSans-MediumItalic.ttf */ = {isa = PBXFileReference; lastKnownFileType = file; path = "DMSans-MediumItalic.ttf"; sourceTree = "<group>"; };
		B38B63D8259CE59E00378052 /* DMSans-Italic.ttf */ = {isa = PBXFileReference; lastKnownFileType = file; path = "DMSans-Italic.ttf"; sourceTree = "<group>"; };
		B38ED85B260522DA0003723D /* AboutView.swift */ = {isa = PBXFileReference; lastKnownFileType = sourcecode.swift; path = AboutView.swift; sourceTree = "<group>"; };
		B38ED8632605245E0003723D /* AboutViewModel.swift */ = {isa = PBXFileReference; lastKnownFileType = sourcecode.swift; path = AboutViewModel.swift; sourceTree = "<group>"; };
		B398A462260D542B00C5D6F0 /* BasketViewModel.swift */ = {isa = PBXFileReference; lastKnownFileType = sourcecode.swift; path = BasketViewModel.swift; sourceTree = "<group>"; };
		B398E13625A0CB6F00F480E7 /* RestaurantFilterAppliedTagView.swift */ = {isa = PBXFileReference; lastKnownFileType = sourcecode.swift; path = RestaurantFilterAppliedTagView.swift; sourceTree = "<group>"; };
		B39CB2ED25A4201000823800 /* Constants.swift */ = {isa = PBXFileReference; lastKnownFileType = sourcecode.swift; path = Constants.swift; sourceTree = "<group>"; };
		B3A21E2525A93C630036E399 /* AccountView.swift */ = {isa = PBXFileReference; lastKnownFileType = sourcecode.swift; path = AccountView.swift; sourceTree = "<group>"; };
		B3A21E2A25A93C760036E399 /* AccountDetailsFormView.swift */ = {isa = PBXFileReference; lastKnownFileType = sourcecode.swift; path = AccountDetailsFormView.swift; sourceTree = "<group>"; };
		B3A21E2F25A93C8A0036E399 /* OrdersView.swift */ = {isa = PBXFileReference; lastKnownFileType = sourcecode.swift; path = OrdersView.swift; sourceTree = "<group>"; };
		B3A21E3425A93C950036E399 /* OrderDetailsView.swift */ = {isa = PBXFileReference; lastKnownFileType = sourcecode.swift; path = OrderDetailsView.swift; sourceTree = "<group>"; };
		B3A21E3B25A93D310036E399 /* User.swift */ = {isa = PBXFileReference; lastKnownFileType = sourcecode.swift; path = User.swift; sourceTree = "<group>"; };
		B3AE2DBC25A78D9400E5ED60 /* LinkIfDestinationNotNull.swift */ = {isa = PBXFileReference; lastKnownFileType = sourcecode.swift; path = LinkIfDestinationNotNull.swift; sourceTree = "<group>"; };
		B3AE501525B0B298008F9FF4 /* DIContainer.swift */ = {isa = PBXFileReference; lastKnownFileType = sourcecode.swift; path = DIContainer.swift; sourceTree = "<group>"; };
		B3AE504125B0BEEB008F9FF4 /* AnyCancellable+StoreInAnyCancellableBag.swift */ = {isa = PBXFileReference; lastKnownFileType = sourcecode.swift; path = "AnyCancellable+StoreInAnyCancellableBag.swift"; sourceTree = "<group>"; };
		B3AF0A5B261BA477003065EB /* OrderItemsTotalPriceView.swift */ = {isa = PBXFileReference; lastKnownFileType = sourcecode.swift; path = OrderItemsTotalPriceView.swift; sourceTree = "<group>"; };
		B3B0BC9F25A7F3080068C1EC /* Divider+.swift */ = {isa = PBXFileReference; lastKnownFileType = sourcecode.swift; path = "Divider+.swift"; sourceTree = "<group>"; };
		B3B0BCAC25A7F9580068C1EC /* CustomNavigationBarView.swift */ = {isa = PBXFileReference; lastKnownFileType = sourcecode.swift; path = CustomNavigationBarView.swift; sourceTree = "<group>"; };
		B3B432A6261E79E200A8886F /* GoogleService-Info.plist */ = {isa = PBXFileReference; fileEncoding = 4; lastKnownFileType = text.plist.xml; path = "GoogleService-Info.plist"; sourceTree = "<group>"; };
		B3B8F90125B0CBBA00DE92AA /* AppEnvironment.swift */ = {isa = PBXFileReference; lastKnownFileType = sourcecode.swift; path = AppEnvironment.swift; sourceTree = "<group>"; };
		B3B9BD4326262CD500DBB16F /* EnvironmentVariables.swift */ = {isa = PBXFileReference; lastKnownFileType = sourcecode.swift; path = EnvironmentVariables.swift; sourceTree = "<group>"; };
		B3C20B9325A3D64200B3B595 /* Decimal+Currency.swift */ = {isa = PBXFileReference; lastKnownFileType = sourcecode.swift; path = "Decimal+Currency.swift"; sourceTree = "<group>"; };
		B3D0BF5625AE6CFA00FF2B28 /* RestaurantsWebRepository.swift */ = {isa = PBXFileReference; lastKnownFileType = sourcecode.swift; path = RestaurantsWebRepository.swift; sourceTree = "<group>"; };
		B3D0BF5F25AE715200FF2B28 /* WebRepository.swift */ = {isa = PBXFileReference; lastKnownFileType = sourcecode.swift; path = WebRepository.swift; sourceTree = "<group>"; };
		B3D0BF6425AE733300FF2B28 /* APICall.swift */ = {isa = PBXFileReference; lastKnownFileType = sourcecode.swift; path = APICall.swift; sourceTree = "<group>"; };
		B3D0BF6925AE740200FF2B28 /* APIError.swift */ = {isa = PBXFileReference; lastKnownFileType = sourcecode.swift; path = APIError.swift; sourceTree = "<group>"; };
		B3D0BF7725AE80B900FF2B28 /* RestaurantsService.swift */ = {isa = PBXFileReference; lastKnownFileType = sourcecode.swift; path = RestaurantsService.swift; sourceTree = "<group>"; };
		B3D5ADD225A26C4700F0E58C /* Order.swift */ = {isa = PBXFileReference; lastKnownFileType = sourcecode.swift; path = Order.swift; sourceTree = "<group>"; };
		B3D9D26925AFADB300F6DBDB /* Loadable.swift */ = {isa = PBXFileReference; lastKnownFileType = sourcecode.swift; path = Loadable.swift; sourceTree = "<group>"; };
		B3E0B58725FABF4E000935A8 /* AccountViewModel.swift */ = {isa = PBXFileReference; lastKnownFileType = sourcecode.swift; path = AccountViewModel.swift; sourceTree = "<group>"; };
		B3E0B58F25FAC1B5000935A8 /* AccountDetailsFormViewModel.swift */ = {isa = PBXFileReference; lastKnownFileType = sourcecode.swift; path = AccountDetailsFormViewModel.swift; sourceTree = "<group>"; };
		B3E0B59425FAEBC9000935A8 /* OrdersViewModel.swift */ = {isa = PBXFileReference; lastKnownFileType = sourcecode.swift; path = OrdersViewModel.swift; sourceTree = "<group>"; };
		B3E4797E25B6346200F61D27 /* HomeViewModel.swift */ = {isa = PBXFileReference; lastKnownFileType = sourcecode.swift; path = HomeViewModel.swift; sourceTree = "<group>"; };
		B3E880C9261E70E100885BBC /* ContentViewModel.swift */ = {isa = PBXFileReference; lastKnownFileType = sourcecode.swift; path = ContentViewModel.swift; sourceTree = "<group>"; };
		B3F9AA2A25BB96C0002D7C80 /* AuthenticationViewModel.swift */ = {isa = PBXFileReference; lastKnownFileType = sourcecode.swift; path = AuthenticationViewModel.swift; sourceTree = "<group>"; };
		B3FB495B25BA15FF007B4C97 /* UsersService.swift */ = {isa = PBXFileReference; lastKnownFileType = sourcecode.swift; path = UsersService.swift; sourceTree = "<group>"; };
		B3FB496025BA1C55007B4C97 /* AuthenticationView.swift */ = {isa = PBXFileReference; lastKnownFileType = sourcecode.swift; path = AuthenticationView.swift; sourceTree = "<group>"; };
		B3FB496825BA59A6007B4C97 /* FirebaseAuth+Publisher.swift */ = {isa = PBXFileReference; lastKnownFileType = sourcecode.swift; path = "FirebaseAuth+Publisher.swift"; sourceTree = "<group>"; };
/* End PBXFileReference section */

/* Begin PBXFrameworksBuildPhase section */
		B3495B9D261E6A210057580E /* Frameworks */ = {
			isa = PBXFrameworksBuildPhase;
			buildActionMask = 2147483647;
			files = (
				B3E88076261E6CB900885BBC /* FirebaseAuth in Frameworks */,
			);
			runOnlyForDeploymentPostprocessing = 0;
		};
		B3495BAE261E6A270057580E /* Frameworks */ = {
			isa = PBXFrameworksBuildPhase;
			buildActionMask = 2147483647;
			files = (
			);
			runOnlyForDeploymentPostprocessing = 0;
		};
		B3495BB9261E6A270057580E /* Frameworks */ = {
			isa = PBXFrameworksBuildPhase;
			buildActionMask = 2147483647;
			files = (
			);
			runOnlyForDeploymentPostprocessing = 0;
		};
		B38B636A259CE45000378052 /* Frameworks */ = {
			isa = PBXFrameworksBuildPhase;
			buildActionMask = 2147483647;
			files = (
				B3147BEC25B519E2007EF4D7 /* FirebaseAuth in Frameworks */,
			);
			runOnlyForDeploymentPostprocessing = 0;
		};
		B38B637B259CE45400378052 /* Frameworks */ = {
			isa = PBXFrameworksBuildPhase;
			buildActionMask = 2147483647;
			files = (
			);
			runOnlyForDeploymentPostprocessing = 0;
		};
		B38B6386259CE45400378052 /* Frameworks */ = {
			isa = PBXFrameworksBuildPhase;
			buildActionMask = 2147483647;
			files = (
			);
			runOnlyForDeploymentPostprocessing = 0;
		};
/* End PBXFrameworksBuildPhase section */

/* Begin PBXGroup section */
		B3495BA1261E6A210057580E /* MenugrabAppClip */ = {
			isa = PBXGroup;
			children = (
				B3495BA2261E6A210057580E /* MenugrabAppClipApp.swift */,
				B3495BAB261E6A270057580E /* Info.plist */,
				B3B432A6261E79E200A8886F /* GoogleService-Info.plist */,
				B3495BAC261E6A270057580E /* MenugrabAppClip.entitlements */,
				B3B9BD4326262CD500DBB16F /* EnvironmentVariables.swift */,
				B3E880C8261E6FF500885BBC /* View */,
				B3B432C4261E7DF100A8886F /* Resources */,
				B3495BA8261E6A270057580E /* Preview Content */,
			);
			path = MenugrabAppClip;
			sourceTree = "<group>";
		};
		B3495BA8261E6A270057580E /* Preview Content */ = {
			isa = PBXGroup;
			children = (
				B3495BA9261E6A270057580E /* Preview Assets.xcassets */,
			);
			path = "Preview Content";
			sourceTree = "<group>";
		};
		B3495BB4261E6A270057580E /* MenugrabAppClipTests */ = {
			isa = PBXGroup;
			children = (
				B3495BB5261E6A270057580E /* MenugrabAppClipTests.swift */,
				B3495BB7261E6A270057580E /* Info.plist */,
			);
			path = MenugrabAppClipTests;
			sourceTree = "<group>";
		};
		B3495BBF261E6A270057580E /* MenugrabAppClipUITests */ = {
			isa = PBXGroup;
			children = (
				B3495BC0261E6A270057580E /* MenugrabAppClipUITests.swift */,
				B3495BC2261E6A270057580E /* Info.plist */,
			);
			path = MenugrabAppClipUITests;
			sourceTree = "<group>";
		};
		B369DB2925B909F4000013A1 /* Restaurant */ = {
			isa = PBXGroup;
			children = (
				B3311748259D35740016619A /* RestaurantMenuView.swift */,
				B369DB2D25B90A6E000013A1 /* RestaurantMenuViewModel.swift */,
				B38687DC25A653540026B592 /* RestaurantMoreInfoView.swift */,
			);
			path = Restaurant;
			sourceTree = "<group>";
		};
		B36A6E8E25AFBF2500EAC483 /* Injected */ = {
			isa = PBXGroup;
			children = (
				B3B8F90125B0CBBA00DE92AA /* AppEnvironment.swift */,
				B36A6E8F25AFBF3800EAC483 /* AppState.swift */,
				B3AE501525B0B298008F9FF4 /* DIContainer.swift */,
				B36A6E9725AFBF9C00EAC483 /* Store.swift */,
			);
			path = Injected;
			sourceTree = "<group>";
		};
		B373A9E8259D166D0089FA60 /* Helpers */ = {
			isa = PBXGroup;
			children = (
				B373A9CC259CF87A0089FA60 /* Color+.swift */,
				B39CB2ED25A4201000823800 /* Constants.swift */,
				B367204725AD18D400926040 /* Date+.swift */,
				B3B0BC9F25A7F3080068C1EC /* Divider+.swift */,
				B3311750259D57E80016619A /* IdentityButtonStyle.swift */,
				B3AE2DBC25A78D9400E5ED60 /* LinkIfDestinationNotNull.swift */,
				B331DF9525B1145800912AFC /* LoadableImageView.swift */,
				B38B63CD259CE56A00378052 /* UINavigationController+.swift */,
				B373A9E9259D167F0089FA60 /* View+.swift */,
			);
			path = Helpers;
			sourceTree = "<group>";
		};
		B38B6364259CE45000378052 = {
			isa = PBXGroup;
			children = (
				B38B636F259CE45000378052 /* Menugrab */,
				B38B6381259CE45400378052 /* MenugrabTests */,
				B38B638C259CE45400378052 /* MenugrabUITests */,
				B3495BA1261E6A210057580E /* MenugrabAppClip */,
				B3495BB4261E6A270057580E /* MenugrabAppClipTests */,
				B3495BBF261E6A270057580E /* MenugrabAppClipUITests */,
				B38B636E259CE45000378052 /* Products */,
				B3E88074261E6CB900885BBC /* Frameworks */,
			);
			sourceTree = "<group>";
		};
		B38B636E259CE45000378052 /* Products */ = {
			isa = PBXGroup;
			children = (
				B38B636D259CE45000378052 /* Menugrab.app */,
				B38B637E259CE45400378052 /* MenugrabTests.xctest */,
				B38B6389259CE45400378052 /* MenugrabUITests.xctest */,
				B3495BA0261E6A210057580E /* MenugrabAppClip.app */,
				B3495BB1261E6A270057580E /* MenugrabAppClipTests.xctest */,
				B3495BBC261E6A270057580E /* MenugrabAppClipUITests.xctest */,
			);
			name = Products;
			sourceTree = "<group>";
		};
		B38B636F259CE45000378052 /* Menugrab */ = {
			isa = PBXGroup;
			children = (
				B38B6370259CE45100378052 /* MenugrabApp.swift */,
				B38B6379259CE45400378052 /* Info.plist */,
				B3147BF025B51D87007EF4D7 /* GoogleService-Info.plist */,
				B38B63B4259CE4EB00378052 /* Models */,
				B38B63BD259CE55C00378052 /* Views */,
				B3D0BF4925AE6C0E00FF2B28 /* Services */,
				B3D0BF5525AE6CD900FF2B28 /* Repositories */,
				B36A6E8E25AFBF2500EAC483 /* Injected */,
				B38B639E259CE46100378052 /* Resources */,
				B38B6376259CE45400378052 /* Preview Content */,
			);
			path = Menugrab;
			sourceTree = "<group>";
		};
		B38B6376259CE45400378052 /* Preview Content */ = {
			isa = PBXGroup;
			children = (
				B33D527525AE5B7C003ADD1A /* Models+SampleData.swift */,
				B38B6377259CE45400378052 /* Preview Assets.xcassets */,
			);
			path = "Preview Content";
			sourceTree = "<group>";
		};
		B38B6381259CE45400378052 /* MenugrabTests */ = {
			isa = PBXGroup;
			children = (
				B38B6382259CE45400378052 /* MenugrabTests.swift */,
				B38B6384259CE45400378052 /* Info.plist */,
			);
			path = MenugrabTests;
			sourceTree = "<group>";
		};
		B38B638C259CE45400378052 /* MenugrabUITests */ = {
			isa = PBXGroup;
			children = (
				B38B638D259CE45400378052 /* MenugrabUITests.swift */,
				B38B638F259CE45400378052 /* Info.plist */,
			);
			path = MenugrabUITests;
			sourceTree = "<group>";
		};
		B38B639E259CE46100378052 /* Resources */ = {
			isa = PBXGroup;
			children = (
				B38B6374259CE45400378052 /* Assets.xcassets */,
				B38B63D2259CE59E00378052 /* Fonts */,
			);
			path = Resources;
			sourceTree = "<group>";
		};
		B38B63B4259CE4EB00378052 /* Models */ = {
			isa = PBXGroup;
			children = (
				B38B63B8259CE4F500378052 /* Restaurant.swift */,
				B35B9D1D259D765100488D75 /* Menu.swift */,
				B3D5ADD225A26C4700F0E58C /* Order.swift */,
				B329FE6C259F7E4600B404A7 /* Basket.swift */,
				B3A21E3B25A93D310036E399 /* User.swift */,
				B3C20B9325A3D64200B3B595 /* Decimal+Currency.swift */,
			);
			path = Models;
			sourceTree = "<group>";
		};
		B38B63BD259CE55C00378052 /* Views */ = {
			isa = PBXGroup;
			children = (
				B3880BD925F98C2A006317BC /* ContentView.swift */,
				B3880BDE25F98D1F006317BC /* ContentViewModel.swift */,
				B38E9DC125B77F3900B8C5E8 /* Home */,
				B369DB2925B909F4000013A1 /* Restaurant */,
				B398A461260D540600C5D6F0 /* Checkout */,
				B3A21E3A25A93CD70036E399 /* Account */,
				B38B63C1259CE55C00378052 /* Shared */,
				B373A9E8259D166D0089FA60 /* Helpers */,
			);
			path = Views;
			sourceTree = "<group>";
		};
		B38B63C1259CE55C00378052 /* Shared */ = {
			isa = PBXGroup;
			children = (
				B3B0BCAC25A7F9580068C1EC /* CustomNavigationBarView.swift */,
				B3AF0A5B261BA477003065EB /* OrderItemsTotalPriceView.swift */,
				B37405892615F1B900ABA766 /* OrderItemView.swift */,
				B38B63C3259CE55C00378052 /* RestaurantCellView.swift */,
				B398E13625A0CB6F00F480E7 /* RestaurantFilterAppliedTagView.swift */,
				B38687E125A655E10026B592 /* RestaurantLocationSectionView.swift */,
				B38687E625A65AF70026B592 /* RestaurantMapView.swift */,
				B37405842615EFE500ABA766 /* RestaurantNameTitleView.swift */,
				B38B63C2259CE55C00378052 /* RestaurantSearchInputView.swift */,
				B30AAB1C25B47EDC00EC9EBA /* RoundedRectangleSpecificCorners.swift */,
				B329FE67259F6EE100B404A7 /* SecondaryButtonView.swift */,
				B34B4118259F559400C64D34 /* ZigZagBackgroundView.swift */,
			);
			path = Shared;
			sourceTree = "<group>";
		};
		B38B63D2259CE59E00378052 /* Fonts */ = {
			isa = PBXGroup;
			children = (
				B38B63D3259CE59E00378052 /* DMSans-Regular.ttf */,
				B38B63D4259CE59E00378052 /* DMSans-Medium.ttf */,
				B38B63D5259CE59E00378052 /* DMSans-Bold.ttf */,
				B38B63D6259CE59E00378052 /* DMSans-BoldItalic.ttf */,
				B38B63D7259CE59E00378052 /* DMSans-MediumItalic.ttf */,
				B38B63D8259CE59E00378052 /* DMSans-Italic.ttf */,
			);
			path = Fonts;
			sourceTree = "<group>";
		};
		B38E9DC125B77F3900B8C5E8 /* Home */ = {
			isa = PBXGroup;
			children = (
				B38B63BE259CE55C00378052 /* AllRestaurantsView.swift */,
				B38B63C0259CE55C00378052 /* HomeSearchView.swift */,
				B38B63BF259CE55C00378052 /* HomeView.swift */,
				B3E4797E25B6346200F61D27 /* HomeViewModel.swift */,
			);
			path = Home;
			sourceTree = "<group>";
		};
		B398A461260D540600C5D6F0 /* Checkout */ = {
			isa = PBXGroup;
			children = (
				B3311740259D2EFC0016619A /* BasketView.swift */,
				B398A462260D542B00C5D6F0 /* BasketViewModel.swift */,
			);
			path = Checkout;
			sourceTree = "<group>";
		};
		B3A21E3A25A93CD70036E399 /* Account */ = {
			isa = PBXGroup;
			children = (
				B38ED85B260522DA0003723D /* AboutView.swift */,
				B38ED8632605245E0003723D /* AboutViewModel.swift */,
				B3A21E2A25A93C760036E399 /* AccountDetailsFormView.swift */,
				B3E0B58F25FAC1B5000935A8 /* AccountDetailsFormViewModel.swift */,
				B3A21E2525A93C630036E399 /* AccountView.swift */,
				B3E0B58725FABF4E000935A8 /* AccountViewModel.swift */,
				B3FB496025BA1C55007B4C97 /* AuthenticationView.swift */,
				B3F9AA2A25BB96C0002D7C80 /* AuthenticationViewModel.swift */,
				B3A21E3425A93C950036E399 /* OrderDetailsView.swift */,
				B3247FE6261D2BB4001EC1CC /* OrderDetailsViewModel.swift */,
				B3A21E2F25A93C8A0036E399 /* OrdersView.swift */,
				B3E0B59425FAEBC9000935A8 /* OrdersViewModel.swift */,
			);
			path = Account;
			sourceTree = "<group>";
		};
		B3B432C4261E7DF100A8886F /* Resources */ = {
			isa = PBXGroup;
			children = (
				B3495BA6261E6A270057580E /* Assets.xcassets */,
			);
			path = Resources;
			sourceTree = "<group>";
		};
		B3B8F90925B0CBCA00DE92AA /* Helpers */ = {
			isa = PBXGroup;
			children = (
				B3AE504125B0BEEB008F9FF4 /* AnyCancellable+StoreInAnyCancellableBag.swift */,
				B36A6E8325AFB6CE00EAC483 /* AnyCancellableBag.swift */,
				B3FB496825BA59A6007B4C97 /* FirebaseAuth+Publisher.swift */,
				B3D9D26925AFADB300F6DBDB /* Loadable.swift */,
				B36A6E9C25AFC88500EAC483 /* Publisher+SinkToLoadable.swift */,
			);
			path = Helpers;
			sourceTree = "<group>";
		};
		B3B8F90A25B0CBD700DE92AA /* Helpers */ = {
			isa = PBXGroup;
			children = (
				B3D0BF5F25AE715200FF2B28 /* WebRepository.swift */,
				B3D0BF6425AE733300FF2B28 /* APICall.swift */,
				B3D0BF6925AE740200FF2B28 /* APIError.swift */,
			);
			path = Helpers;
			sourceTree = "<group>";
		};
		B3D0BF4925AE6C0E00FF2B28 /* Services */ = {
			isa = PBXGroup;
			children = (
				B3FB495B25BA15FF007B4C97 /* UsersService.swift */,
				B3D0BF7725AE80B900FF2B28 /* RestaurantsService.swift */,
				B344A5D425FBFD4B005E6F6F /* OrdersService.swift */,
				B35129952612579200BC6AAB /* UserPermissionsService.swift */,
				B331DF8B25B1069200912AFC /* ImagesService.swift */,
				B3B8F90925B0CBCA00DE92AA /* Helpers */,
			);
			path = Services;
			sourceTree = "<group>";
		};
		B3D0BF5525AE6CD900FF2B28 /* Repositories */ = {
			isa = PBXGroup;
			children = (
				B3D0BF5625AE6CFA00FF2B28 /* RestaurantsWebRepository.swift */,
				B344A5D925FBFE95005E6F6F /* OrdersWebRepository.swift */,
				B331DF9025B106C200912AFC /* ImagesWebRepository.swift */,
				B3B8F90A25B0CBD700DE92AA /* Helpers */,
			);
			path = Repositories;
			sourceTree = "<group>";
		};
		B3E88074261E6CB900885BBC /* Frameworks */ = {
			isa = PBXGroup;
			children = (
			);
			name = Frameworks;
			sourceTree = "<group>";
		};
		B3E880C8261E6FF500885BBC /* View */ = {
			isa = PBXGroup;
			children = (
				B3495BA4261E6A210057580E /* ContentView.swift */,
				B3E880C9261E70E100885BBC /* ContentViewModel.swift */,
			);
			path = View;
			sourceTree = "<group>";
		};
/* End PBXGroup section */

/* Begin PBXNativeTarget section */
		B3495B9F261E6A210057580E /* MenugrabAppClip */ = {
			isa = PBXNativeTarget;
			buildConfigurationList = B3495BCD261E6A270057580E /* Build configuration list for PBXNativeTarget "MenugrabAppClip" */;
			buildPhases = (
				B3495B9C261E6A210057580E /* Sources */,
				B3495B9D261E6A210057580E /* Frameworks */,
				B3495B9E261E6A210057580E /* Resources */,
			);
			buildRules = (
			);
			dependencies = (
			);
			name = MenugrabAppClip;
			packageProductDependencies = (
				B3E88075261E6CB900885BBC /* FirebaseAuth */,
			);
			productName = MenugrabAppClip;
			productReference = B3495BA0261E6A210057580E /* MenugrabAppClip.app */;
			productType = "com.apple.product-type.application.on-demand-install-capable";
		};
		B3495BB0261E6A270057580E /* MenugrabAppClipTests */ = {
			isa = PBXNativeTarget;
			buildConfigurationList = B3495BCE261E6A270057580E /* Build configuration list for PBXNativeTarget "MenugrabAppClipTests" */;
			buildPhases = (
				B3495BAD261E6A270057580E /* Sources */,
				B3495BAE261E6A270057580E /* Frameworks */,
				B3495BAF261E6A270057580E /* Resources */,
			);
			buildRules = (
			);
			dependencies = (
				B3495BB3261E6A270057580E /* PBXTargetDependency */,
			);
			name = MenugrabAppClipTests;
			productName = MenugrabAppClipTests;
			productReference = B3495BB1261E6A270057580E /* MenugrabAppClipTests.xctest */;
			productType = "com.apple.product-type.bundle.unit-test";
		};
		B3495BBB261E6A270057580E /* MenugrabAppClipUITests */ = {
			isa = PBXNativeTarget;
			buildConfigurationList = B3495BCF261E6A270057580E /* Build configuration list for PBXNativeTarget "MenugrabAppClipUITests" */;
			buildPhases = (
				B3495BB8261E6A270057580E /* Sources */,
				B3495BB9261E6A270057580E /* Frameworks */,
				B3495BBA261E6A270057580E /* Resources */,
			);
			buildRules = (
			);
			dependencies = (
				B3495BBE261E6A270057580E /* PBXTargetDependency */,
			);
			name = MenugrabAppClipUITests;
			productName = MenugrabAppClipUITests;
			productReference = B3495BBC261E6A270057580E /* MenugrabAppClipUITests.xctest */;
			productType = "com.apple.product-type.bundle.ui-testing";
		};
		B38B636C259CE45000378052 /* Menugrab */ = {
			isa = PBXNativeTarget;
			buildConfigurationList = B38B6392259CE45500378052 /* Build configuration list for PBXNativeTarget "Menugrab" */;
			buildPhases = (
				B38B6369259CE45000378052 /* Sources */,
				B38B636A259CE45000378052 /* Frameworks */,
				B38B636B259CE45000378052 /* Resources */,
				B3495BC6261E6A270057580E /* Embed App Clips */,
			);
			buildRules = (
			);
			dependencies = (
				B3495BC4261E6A270057580E /* PBXTargetDependency */,
			);
			name = Menugrab;
			packageProductDependencies = (
				B3147BEB25B519E2007EF4D7 /* FirebaseAuth */,
			);
			productName = Menugrab;
			productReference = B38B636D259CE45000378052 /* Menugrab.app */;
			productType = "com.apple.product-type.application";
		};
		B38B637D259CE45400378052 /* MenugrabTests */ = {
			isa = PBXNativeTarget;
			buildConfigurationList = B38B6395259CE45500378052 /* Build configuration list for PBXNativeTarget "MenugrabTests" */;
			buildPhases = (
				B38B637A259CE45400378052 /* Sources */,
				B38B637B259CE45400378052 /* Frameworks */,
				B38B637C259CE45400378052 /* Resources */,
			);
			buildRules = (
			);
			dependencies = (
				B38B6380259CE45400378052 /* PBXTargetDependency */,
			);
			name = MenugrabTests;
			productName = MenugrabTests;
			productReference = B38B637E259CE45400378052 /* MenugrabTests.xctest */;
			productType = "com.apple.product-type.bundle.unit-test";
		};
		B38B6388259CE45400378052 /* MenugrabUITests */ = {
			isa = PBXNativeTarget;
			buildConfigurationList = B38B6398259CE45500378052 /* Build configuration list for PBXNativeTarget "MenugrabUITests" */;
			buildPhases = (
				B38B6385259CE45400378052 /* Sources */,
				B38B6386259CE45400378052 /* Frameworks */,
				B38B6387259CE45400378052 /* Resources */,
			);
			buildRules = (
			);
			dependencies = (
				B38B638B259CE45400378052 /* PBXTargetDependency */,
			);
			name = MenugrabUITests;
			productName = MenugrabUITests;
			productReference = B38B6389259CE45400378052 /* MenugrabUITests.xctest */;
			productType = "com.apple.product-type.bundle.ui-testing";
		};
/* End PBXNativeTarget section */

/* Begin PBXProject section */
		B38B6365259CE45000378052 /* Project object */ = {
			isa = PBXProject;
			attributes = {
				LastSwiftUpdateCheck = 1220;
				LastUpgradeCheck = 1220;
				TargetAttributes = {
					B3495B9F261E6A210057580E = {
						CreatedOnToolsVersion = 12.2;
					};
					B3495BB0261E6A270057580E = {
						CreatedOnToolsVersion = 12.2;
						TestTargetID = B3495B9F261E6A210057580E;
					};
					B3495BBB261E6A270057580E = {
						CreatedOnToolsVersion = 12.2;
						TestTargetID = B3495B9F261E6A210057580E;
					};
					B38B636C259CE45000378052 = {
						CreatedOnToolsVersion = 12.2;
					};
					B38B637D259CE45400378052 = {
						CreatedOnToolsVersion = 12.2;
						TestTargetID = B38B636C259CE45000378052;
					};
					B38B6388259CE45400378052 = {
						CreatedOnToolsVersion = 12.2;
						TestTargetID = B38B636C259CE45000378052;
					};
				};
			};
			buildConfigurationList = B38B6368259CE45000378052 /* Build configuration list for PBXProject "Menugrab" */;
			compatibilityVersion = "Xcode 9.3";
			developmentRegion = en;
			hasScannedForEncodings = 0;
			knownRegions = (
				en,
				Base,
			);
			mainGroup = B38B6364259CE45000378052;
			packageReferences = (
				B3147BEA25B519E2007EF4D7 /* XCRemoteSwiftPackageReference "firebase-ios-sdk" */,
			);
			productRefGroup = B38B636E259CE45000378052 /* Products */;
			projectDirPath = "";
			projectRoot = "";
			targets = (
				B38B636C259CE45000378052 /* Menugrab */,
				B38B637D259CE45400378052 /* MenugrabTests */,
				B38B6388259CE45400378052 /* MenugrabUITests */,
				B3495B9F261E6A210057580E /* MenugrabAppClip */,
				B3495BB0261E6A270057580E /* MenugrabAppClipTests */,
				B3495BBB261E6A270057580E /* MenugrabAppClipUITests */,
			);
		};
/* End PBXProject section */

/* Begin PBXResourcesBuildPhase section */
		B3495B9E261E6A210057580E /* Resources */ = {
			isa = PBXResourcesBuildPhase;
			buildActionMask = 2147483647;
			files = (
				B3495BAA261E6A270057580E /* Preview Assets.xcassets in Resources */,
				B3B432BD261E7A2100A8886F /* DMSans-Regular.ttf in Resources */,
				B3B432BB261E7A2100A8886F /* DMSans-Bold.ttf in Resources */,
				B3B432A7261E79E300A8886F /* GoogleService-Info.plist in Resources */,
				B3B432B4261E7A1700A8886F /* Assets.xcassets in Resources */,
				B3495BA7261E6A270057580E /* Assets.xcassets in Resources */,
				B3B432BC261E7A2100A8886F /* DMSans-Medium.ttf in Resources */,
			);
			runOnlyForDeploymentPostprocessing = 0;
		};
		B3495BAF261E6A270057580E /* Resources */ = {
			isa = PBXResourcesBuildPhase;
			buildActionMask = 2147483647;
			files = (
			);
			runOnlyForDeploymentPostprocessing = 0;
		};
		B3495BBA261E6A270057580E /* Resources */ = {
			isa = PBXResourcesBuildPhase;
			buildActionMask = 2147483647;
			files = (
			);
			runOnlyForDeploymentPostprocessing = 0;
		};
		B38B636B259CE45000378052 /* Resources */ = {
			isa = PBXResourcesBuildPhase;
			buildActionMask = 2147483647;
			files = (
				B38B63D9259CE59E00378052 /* DMSans-Regular.ttf in Resources */,
				B38B63DB259CE59E00378052 /* DMSans-Bold.ttf in Resources */,
				B38B63DA259CE59E00378052 /* DMSans-Medium.ttf in Resources */,
				B38B6378259CE45400378052 /* Preview Assets.xcassets in Resources */,
				B38B6375259CE45400378052 /* Assets.xcassets in Resources */,
				B3147BF125B51D87007EF4D7 /* GoogleService-Info.plist in Resources */,
			);
			runOnlyForDeploymentPostprocessing = 0;
		};
		B38B637C259CE45400378052 /* Resources */ = {
			isa = PBXResourcesBuildPhase;
			buildActionMask = 2147483647;
			files = (
			);
			runOnlyForDeploymentPostprocessing = 0;
		};
		B38B6387259CE45400378052 /* Resources */ = {
			isa = PBXResourcesBuildPhase;
			buildActionMask = 2147483647;
			files = (
			);
			runOnlyForDeploymentPostprocessing = 0;
		};
/* End PBXResourcesBuildPhase section */

/* Begin PBXSourcesBuildPhase section */
		B3495B9C261E6A210057580E /* Sources */ = {
			isa = PBXSourcesBuildPhase;
			buildActionMask = 2147483647;
			files = (
				B3E88106261E747300885BBC /* RestaurantMapView.swift in Sources */,
				B3E88103261E747300885BBC /* OrderItemView.swift in Sources */,
				B3E880F2261E745F00885BBC /* BasketView.swift in Sources */,
				B3E880F3261E745F00885BBC /* BasketViewModel.swift in Sources */,
				B3E88088261E6D7A00885BBC /* ImagesWebRepository.swift in Sources */,
				B3E880FA261E746D00885BBC /* OrderDetailsViewModel.swift in Sources */,
				B3E88116261E747800885BBC /* Date+.swift in Sources */,
				B3E880BA261E6DB800885BBC /* Models+SampleData.swift in Sources */,
				B3E880A5261E6D9600885BBC /* UserPermissionsService.swift in Sources */,
				B3B9BD4426262CD500DBB16F /* EnvironmentVariables.swift in Sources */,
				B3E88087261E6D7A00885BBC /* OrdersWebRepository.swift in Sources */,
				B3E8807F261E6D6700885BBC /* AppEnvironment.swift in Sources */,
				B3E880EB261E745B00885BBC /* RestaurantMoreInfoView.swift in Sources */,
				B3E88091261E6D8600885BBC /* APICall.swift in Sources */,
				B3E88115261E747800885BBC /* LinkIfDestinationNotNull.swift in Sources */,
				B3E88102261E747300885BBC /* SecondaryButtonView.swift in Sources */,
				B3E8811B261E747800885BBC /* UINavigationController+.swift in Sources */,
				B3E880B3261E6D9A00885BBC /* Publisher+SinkToLoadable.swift in Sources */,
				B3E88109261E747300885BBC /* RestaurantFilterAppliedTagView.swift in Sources */,
				B3E8809C261E6D9200885BBC /* User.swift in Sources */,
				B3E88099261E6D9200885BBC /* Basket.swift in Sources */,
				B3E8809B261E6D9200885BBC /* Restaurant.swift in Sources */,
				B3E880A8261E6D9600885BBC /* OrdersService.swift in Sources */,
				B3E880EA261E745B00885BBC /* RestaurantMenuViewModel.swift in Sources */,
				B3495BA5261E6A210057580E /* ContentView.swift in Sources */,
				B3E880B0261E6D9A00885BBC /* AnyCancellableBag.swift in Sources */,
				B3E8809A261E6D9200885BBC /* Order.swift in Sources */,
				B3E880CA261E70E100885BBC /* ContentViewModel.swift in Sources */,
				B3E8810C261E747300885BBC /* RestaurantNameTitleView.swift in Sources */,
				B3E88105261E747300885BBC /* ZigZagBackgroundView.swift in Sources */,
				B3E88114261E747800885BBC /* IdentityButtonStyle.swift in Sources */,
				B3E88092261E6D8600885BBC /* APIError.swift in Sources */,
				B3E88117261E747800885BBC /* LoadableImageView.swift in Sources */,
				B3E8811A261E747800885BBC /* Constants.swift in Sources */,
				B3E880B1261E6D9A00885BBC /* FirebaseAuth+Publisher.swift in Sources */,
				B3E88104261E747300885BBC /* RestaurantLocationSectionView.swift in Sources */,
				B3E8807D261E6D6700885BBC /* DIContainer.swift in Sources */,
				B3E88119261E747800885BBC /* Divider+.swift in Sources */,
				B3E8810B261E747300885BBC /* OrderItemsTotalPriceView.swift in Sources */,
				B3E88118261E747800885BBC /* Color+.swift in Sources */,
				B3E880B2261E6D9A00885BBC /* AnyCancellable+StoreInAnyCancellableBag.swift in Sources */,
				B3E8810A261E747300885BBC /* RestaurantSearchInputView.swift in Sources */,
				B3E88080261E6D6700885BBC /* AppState.swift in Sources */,
				B3E880C1261E6ECD00885BBC /* Decimal+Currency.swift in Sources */,
				B3E88108261E747300885BBC /* CustomNavigationBarView.swift in Sources */,
				B3E880A4261E6D9600885BBC /* UsersService.swift in Sources */,
				B3E880AF261E6D9A00885BBC /* Loadable.swift in Sources */,
				B3E880FB261E746D00885BBC /* OrderDetailsView.swift in Sources */,
				B3E880E9261E745B00885BBC /* RestaurantMenuView.swift in Sources */,
				B3E8810D261E747300885BBC /* RestaurantCellView.swift in Sources */,
				B3E88090261E6D8600885BBC /* WebRepository.swift in Sources */,
				B3E8811C261E747800885BBC /* View+.swift in Sources */,
				B3E8809D261E6D9200885BBC /* Menu.swift in Sources */,
				B3E880A6261E6D9600885BBC /* RestaurantsService.swift in Sources */,
				B3495BA3261E6A210057580E /* MenugrabAppClipApp.swift in Sources */,
				B3E880A7261E6D9600885BBC /* ImagesService.swift in Sources */,
				B3E8807E261E6D6700885BBC /* Store.swift in Sources */,
				B3E88089261E6D7A00885BBC /* RestaurantsWebRepository.swift in Sources */,
				B3E88107261E747300885BBC /* RoundedRectangleSpecificCorners.swift in Sources */,
			);
			runOnlyForDeploymentPostprocessing = 0;
		};
		B3495BAD261E6A270057580E /* Sources */ = {
			isa = PBXSourcesBuildPhase;
			buildActionMask = 2147483647;
			files = (
				B3495BB6261E6A270057580E /* MenugrabAppClipTests.swift in Sources */,
			);
			runOnlyForDeploymentPostprocessing = 0;
		};
		B3495BB8261E6A270057580E /* Sources */ = {
			isa = PBXSourcesBuildPhase;
			buildActionMask = 2147483647;
			files = (
				B3495BC1261E6A270057580E /* MenugrabAppClipUITests.swift in Sources */,
			);
			runOnlyForDeploymentPostprocessing = 0;
		};
		B38B6369259CE45000378052 /* Sources */ = {
			isa = PBXSourcesBuildPhase;
			buildActionMask = 2147483647;
			files = (
				B367204825AD18D400926040 /* Date+.swift in Sources */,
				B344A5DA25FBFE95005E6F6F /* OrdersWebRepository.swift in Sources */,
				B3311741259D2EFC0016619A /* BasketView.swift in Sources */,
				B3B0BCA025A7F3080068C1EC /* Divider+.swift in Sources */,
				B3AF0A5C261BA477003065EB /* OrderItemsTotalPriceView.swift in Sources */,
				B38ED85C260522DA0003723D /* AboutView.swift in Sources */,
				B38687E725A65AF70026B592 /* RestaurantMapView.swift in Sources */,
				B331DF9125B106C200912AFC /* ImagesWebRepository.swift in Sources */,
				B38B63C6259CE55C00378052 /* HomeSearchView.swift in Sources */,
				B398A463260D542B00C5D6F0 /* BasketViewModel.swift in Sources */,
				B3B8F90225B0CBBA00DE92AA /* AppEnvironment.swift in Sources */,
				B3A21E3C25A93D310036E399 /* User.swift in Sources */,
				B3D0BF7825AE80B900FF2B28 /* RestaurantsService.swift in Sources */,
				B3A21E2625A93C630036E399 /* AccountView.swift in Sources */,
				B33D527625AE5B7C003ADD1A /* Models+SampleData.swift in Sources */,
				B374058A2615F1B900ABA766 /* OrderItemView.swift in Sources */,
				B36A6E9025AFBF3800EAC483 /* AppState.swift in Sources */,
				B3D0BF6025AE715200FF2B28 /* WebRepository.swift in Sources */,
				B3A21E3025A93C8A0036E399 /* OrdersView.swift in Sources */,
				B373A9CD259CF87B0089FA60 /* Color+.swift in Sources */,
				B3E0B59025FAC1B5000935A8 /* AccountDetailsFormViewModel.swift in Sources */,
				B3E4797F25B6346200F61D27 /* HomeViewModel.swift in Sources */,
				B3FB496125BA1C55007B4C97 /* AuthenticationView.swift in Sources */,
				B30AAB1D25B47EDC00EC9EBA /* RoundedRectangleSpecificCorners.swift in Sources */,
				B3D5ADD325A26C4700F0E58C /* Order.swift in Sources */,
				B3FB496925BA59A6007B4C97 /* FirebaseAuth+Publisher.swift in Sources */,
				B329FE68259F6EE100B404A7 /* SecondaryButtonView.swift in Sources */,
				B3F9AA2B25BB96C0002D7C80 /* AuthenticationViewModel.swift in Sources */,
				B3D0BF6525AE733300FF2B28 /* APICall.swift in Sources */,
				B38687E225A655E10026B592 /* RestaurantLocationSectionView.swift in Sources */,
				B3B0BCAD25A7F9580068C1EC /* CustomNavigationBarView.swift in Sources */,
				B38B63B9259CE4F500378052 /* Restaurant.swift in Sources */,
				B3880BDA25F98C2A006317BC /* ContentView.swift in Sources */,
				B38B63C5259CE55C00378052 /* HomeView.swift in Sources */,
				B38B6371259CE45100378052 /* MenugrabApp.swift in Sources */,
				B3A21E2B25A93C760036E399 /* AccountDetailsFormView.swift in Sources */,
				B38B63C8259CE55C00378052 /* RestaurantCellView.swift in Sources */,
				B3AE501625B0B298008F9FF4 /* DIContainer.swift in Sources */,
				B329FE6D259F7E4600B404A7 /* Basket.swift in Sources */,
				B38687DD25A653540026B592 /* RestaurantMoreInfoView.swift in Sources */,
				B35B9D1E259D765100488D75 /* Menu.swift in Sources */,
				B39CB2EE25A4201000823800 /* Constants.swift in Sources */,
				B3A21E3525A93C950036E399 /* OrderDetailsView.swift in Sources */,
				B373A9EA259D167F0089FA60 /* View+.swift in Sources */,
				B369DB2E25B90A6E000013A1 /* RestaurantMenuViewModel.swift in Sources */,
				B331DF8C25B1069200912AFC /* ImagesService.swift in Sources */,
				B344A5D525FBFD4B005E6F6F /* OrdersService.swift in Sources */,
				B3D9D26A25AFADB300F6DBDB /* Loadable.swift in Sources */,
				B36A6E8425AFB6CE00EAC483 /* AnyCancellableBag.swift in Sources */,
				B3D0BF6A25AE740200FF2B28 /* APIError.swift in Sources */,
				B37405852615EFE500ABA766 /* RestaurantNameTitleView.swift in Sources */,
				B331DF9625B1145800912AFC /* LoadableImageView.swift in Sources */,
				B3311749259D35740016619A /* RestaurantMenuView.swift in Sources */,
				B38B63CE259CE56A00378052 /* UINavigationController+.swift in Sources */,
				B3E0B58825FABF4E000935A8 /* AccountViewModel.swift in Sources */,
				B3AE504225B0BEEB008F9FF4 /* AnyCancellable+StoreInAnyCancellableBag.swift in Sources */,
				B3AE2DBD25A78D9400E5ED60 /* LinkIfDestinationNotNull.swift in Sources */,
				B38B63C7259CE55C00378052 /* RestaurantSearchInputView.swift in Sources */,
				B34B4119259F559400C64D34 /* ZigZagBackgroundView.swift in Sources */,
				B36A6E9825AFBF9C00EAC483 /* Store.swift in Sources */,
				B38ED8642605245E0003723D /* AboutViewModel.swift in Sources */,
				B3C20B9425A3D64200B3B595 /* Decimal+Currency.swift in Sources */,
				B35129962612579200BC6AAB /* UserPermissionsService.swift in Sources */,
				B3FB495C25BA15FF007B4C97 /* UsersService.swift in Sources */,
				B3880BDF25F98D1F006317BC /* ContentViewModel.swift in Sources */,
				B38B63C4259CE55C00378052 /* AllRestaurantsView.swift in Sources */,
				B3AE503325B0BDD7008F9FF4 /* Publisher+SinkToLoadable.swift in Sources */,
				B3311751259D57E80016619A /* IdentityButtonStyle.swift in Sources */,
				B3247FE7261D2BB4001EC1CC /* OrderDetailsViewModel.swift in Sources */,
				B398E13725A0CB6F00F480E7 /* RestaurantFilterAppliedTagView.swift in Sources */,
				B3D0BF5725AE6CFA00FF2B28 /* RestaurantsWebRepository.swift in Sources */,
				B3E0B59525FAEBC9000935A8 /* OrdersViewModel.swift in Sources */,
			);
			runOnlyForDeploymentPostprocessing = 0;
		};
		B38B637A259CE45400378052 /* Sources */ = {
			isa = PBXSourcesBuildPhase;
			buildActionMask = 2147483647;
			files = (
				B38B6383259CE45400378052 /* MenugrabTests.swift in Sources */,
			);
			runOnlyForDeploymentPostprocessing = 0;
		};
		B38B6385259CE45400378052 /* Sources */ = {
			isa = PBXSourcesBuildPhase;
			buildActionMask = 2147483647;
			files = (
				B38B638E259CE45400378052 /* MenugrabUITests.swift in Sources */,
			);
			runOnlyForDeploymentPostprocessing = 0;
		};
/* End PBXSourcesBuildPhase section */

/* Begin PBXTargetDependency section */
		B3495BB3261E6A270057580E /* PBXTargetDependency */ = {
			isa = PBXTargetDependency;
			target = B3495B9F261E6A210057580E /* MenugrabAppClip */;
			targetProxy = B3495BB2261E6A270057580E /* PBXContainerItemProxy */;
		};
		B3495BBE261E6A270057580E /* PBXTargetDependency */ = {
			isa = PBXTargetDependency;
			target = B3495B9F261E6A210057580E /* MenugrabAppClip */;
			targetProxy = B3495BBD261E6A270057580E /* PBXContainerItemProxy */;
		};
		B3495BC4261E6A270057580E /* PBXTargetDependency */ = {
			isa = PBXTargetDependency;
			target = B3495B9F261E6A210057580E /* MenugrabAppClip */;
			targetProxy = B3495BC3261E6A270057580E /* PBXContainerItemProxy */;
		};
		B38B6380259CE45400378052 /* PBXTargetDependency */ = {
			isa = PBXTargetDependency;
			target = B38B636C259CE45000378052 /* Menugrab */;
			targetProxy = B38B637F259CE45400378052 /* PBXContainerItemProxy */;
		};
		B38B638B259CE45400378052 /* PBXTargetDependency */ = {
			isa = PBXTargetDependency;
			target = B38B636C259CE45000378052 /* Menugrab */;
			targetProxy = B38B638A259CE45400378052 /* PBXContainerItemProxy */;
		};
/* End PBXTargetDependency section */

/* Begin XCBuildConfiguration section */
		B3495BC7261E6A270057580E /* Debug */ = {
			isa = XCBuildConfiguration;
			buildSettings = {
				ASSETCATALOG_COMPILER_APPICON_NAME = AppIcon;
				ASSETCATALOG_COMPILER_GLOBAL_ACCENT_COLOR_NAME = AccentColor;
				CODE_SIGN_ENTITLEMENTS = MenugrabAppClip/MenugrabAppClip.entitlements;
				CODE_SIGN_STYLE = Automatic;
				DEVELOPMENT_ASSET_PATHS = "\"MenugrabAppClip/Preview Content\"";
				DEVELOPMENT_TEAM = 3L953VRPM8;
				ENABLE_PREVIEWS = YES;
				INFOPLIST_FILE = MenugrabAppClip/Info.plist;
				IPHONEOS_DEPLOYMENT_TARGET = 14.0;
				LD_RUNPATH_SEARCH_PATHS = (
					"$(inherited)",
					"@executable_path/Frameworks",
				);
				PRODUCT_BUNDLE_IDENTIFIER = guillevc.Menugrab.Clip;
				PRODUCT_NAME = "$(TARGET_NAME)";
				SWIFT_ACTIVE_COMPILATION_CONDITIONS = "DEBUG APPCLIP";
				SWIFT_VERSION = 5.0;
				TARGETED_DEVICE_FAMILY = "1,2";
			};
			name = Debug;
		};
		B3495BC8261E6A270057580E /* Release */ = {
			isa = XCBuildConfiguration;
			buildSettings = {
				ASSETCATALOG_COMPILER_APPICON_NAME = AppIcon;
				ASSETCATALOG_COMPILER_GLOBAL_ACCENT_COLOR_NAME = AccentColor;
				CODE_SIGN_ENTITLEMENTS = MenugrabAppClip/MenugrabAppClip.entitlements;
				CODE_SIGN_STYLE = Automatic;
				DEVELOPMENT_ASSET_PATHS = "\"MenugrabAppClip/Preview Content\"";
				DEVELOPMENT_TEAM = 3L953VRPM8;
				ENABLE_PREVIEWS = YES;
				INFOPLIST_FILE = MenugrabAppClip/Info.plist;
				IPHONEOS_DEPLOYMENT_TARGET = 14.0;
				LD_RUNPATH_SEARCH_PATHS = (
					"$(inherited)",
					"@executable_path/Frameworks",
				);
				PRODUCT_BUNDLE_IDENTIFIER = guillevc.Menugrab.Clip;
				PRODUCT_NAME = "$(TARGET_NAME)";
				SWIFT_ACTIVE_COMPILATION_CONDITIONS = APPCLIP;
				SWIFT_VERSION = 5.0;
				TARGETED_DEVICE_FAMILY = "1,2";
			};
			name = Release;
		};
		B3495BC9261E6A270057580E /* Debug */ = {
			isa = XCBuildConfiguration;
			buildSettings = {
				ALWAYS_EMBED_SWIFT_STANDARD_LIBRARIES = YES;
				BUNDLE_LOADER = "$(TEST_HOST)";
				CODE_SIGN_STYLE = Automatic;
				DEVELOPMENT_TEAM = 3L953VRPM8;
				INFOPLIST_FILE = MenugrabAppClipTests/Info.plist;
				IPHONEOS_DEPLOYMENT_TARGET = 14.0;
				LD_RUNPATH_SEARCH_PATHS = (
					"$(inherited)",
					"@executable_path/Frameworks",
					"@loader_path/Frameworks",
				);
				PRODUCT_BUNDLE_IDENTIFIER = guillevc.Menugrab.MenugrabAppClipTests;
				PRODUCT_NAME = "$(TARGET_NAME)";
				SWIFT_VERSION = 5.0;
				TARGETED_DEVICE_FAMILY = "1,2";
				TEST_HOST = "$(BUILT_PRODUCTS_DIR)/MenugrabAppClip.app/MenugrabAppClip";
			};
			name = Debug;
		};
		B3495BCA261E6A270057580E /* Release */ = {
			isa = XCBuildConfiguration;
			buildSettings = {
				ALWAYS_EMBED_SWIFT_STANDARD_LIBRARIES = YES;
				BUNDLE_LOADER = "$(TEST_HOST)";
				CODE_SIGN_STYLE = Automatic;
				DEVELOPMENT_TEAM = 3L953VRPM8;
				INFOPLIST_FILE = MenugrabAppClipTests/Info.plist;
				IPHONEOS_DEPLOYMENT_TARGET = 14.0;
				LD_RUNPATH_SEARCH_PATHS = (
					"$(inherited)",
					"@executable_path/Frameworks",
					"@loader_path/Frameworks",
				);
				PRODUCT_BUNDLE_IDENTIFIER = guillevc.Menugrab.MenugrabAppClipTests;
				PRODUCT_NAME = "$(TARGET_NAME)";
				SWIFT_VERSION = 5.0;
				TARGETED_DEVICE_FAMILY = "1,2";
				TEST_HOST = "$(BUILT_PRODUCTS_DIR)/MenugrabAppClip.app/MenugrabAppClip";
			};
			name = Release;
		};
		B3495BCB261E6A270057580E /* Debug */ = {
			isa = XCBuildConfiguration;
			buildSettings = {
				ALWAYS_EMBED_SWIFT_STANDARD_LIBRARIES = YES;
				CODE_SIGN_STYLE = Automatic;
				DEVELOPMENT_TEAM = 3L953VRPM8;
				INFOPLIST_FILE = MenugrabAppClipUITests/Info.plist;
				LD_RUNPATH_SEARCH_PATHS = (
					"$(inherited)",
					"@executable_path/Frameworks",
					"@loader_path/Frameworks",
				);
				PRODUCT_BUNDLE_IDENTIFIER = guillevc.Menugrab.MenugrabAppClipUITests;
				PRODUCT_NAME = "$(TARGET_NAME)";
				SWIFT_VERSION = 5.0;
				TARGETED_DEVICE_FAMILY = "1,2";
				TEST_TARGET_NAME = MenugrabAppClip;
			};
			name = Debug;
		};
		B3495BCC261E6A270057580E /* Release */ = {
			isa = XCBuildConfiguration;
			buildSettings = {
				ALWAYS_EMBED_SWIFT_STANDARD_LIBRARIES = YES;
				CODE_SIGN_STYLE = Automatic;
				DEVELOPMENT_TEAM = 3L953VRPM8;
				INFOPLIST_FILE = MenugrabAppClipUITests/Info.plist;
				LD_RUNPATH_SEARCH_PATHS = (
					"$(inherited)",
					"@executable_path/Frameworks",
					"@loader_path/Frameworks",
				);
				PRODUCT_BUNDLE_IDENTIFIER = guillevc.Menugrab.MenugrabAppClipUITests;
				PRODUCT_NAME = "$(TARGET_NAME)";
				SWIFT_VERSION = 5.0;
				TARGETED_DEVICE_FAMILY = "1,2";
				TEST_TARGET_NAME = MenugrabAppClip;
			};
			name = Release;
		};
		B38B6390259CE45400378052 /* Debug */ = {
			isa = XCBuildConfiguration;
			buildSettings = {
				ALWAYS_SEARCH_USER_PATHS = NO;
				CLANG_ANALYZER_NONNULL = YES;
				CLANG_ANALYZER_NUMBER_OBJECT_CONVERSION = YES_AGGRESSIVE;
				CLANG_CXX_LANGUAGE_STANDARD = "gnu++14";
				CLANG_CXX_LIBRARY = "libc++";
				CLANG_ENABLE_MODULES = YES;
				CLANG_ENABLE_OBJC_ARC = YES;
				CLANG_ENABLE_OBJC_WEAK = YES;
				CLANG_WARN_BLOCK_CAPTURE_AUTORELEASING = YES;
				CLANG_WARN_BOOL_CONVERSION = YES;
				CLANG_WARN_COMMA = YES;
				CLANG_WARN_CONSTANT_CONVERSION = YES;
				CLANG_WARN_DEPRECATED_OBJC_IMPLEMENTATIONS = YES;
				CLANG_WARN_DIRECT_OBJC_ISA_USAGE = YES_ERROR;
				CLANG_WARN_DOCUMENTATION_COMMENTS = YES;
				CLANG_WARN_EMPTY_BODY = YES;
				CLANG_WARN_ENUM_CONVERSION = YES;
				CLANG_WARN_INFINITE_RECURSION = YES;
				CLANG_WARN_INT_CONVERSION = YES;
				CLANG_WARN_NON_LITERAL_NULL_CONVERSION = YES;
				CLANG_WARN_OBJC_IMPLICIT_RETAIN_SELF = YES;
				CLANG_WARN_OBJC_LITERAL_CONVERSION = YES;
				CLANG_WARN_OBJC_ROOT_CLASS = YES_ERROR;
				CLANG_WARN_QUOTED_INCLUDE_IN_FRAMEWORK_HEADER = YES;
				CLANG_WARN_RANGE_LOOP_ANALYSIS = YES;
				CLANG_WARN_STRICT_PROTOTYPES = YES;
				CLANG_WARN_SUSPICIOUS_MOVE = YES;
				CLANG_WARN_UNGUARDED_AVAILABILITY = YES_AGGRESSIVE;
				CLANG_WARN_UNREACHABLE_CODE = YES;
				CLANG_WARN__DUPLICATE_METHOD_MATCH = YES;
				COPY_PHASE_STRIP = NO;
				DEBUG_INFORMATION_FORMAT = dwarf;
				ENABLE_STRICT_OBJC_MSGSEND = YES;
				ENABLE_TESTABILITY = YES;
				GCC_C_LANGUAGE_STANDARD = gnu11;
				GCC_DYNAMIC_NO_PIC = NO;
				GCC_NO_COMMON_BLOCKS = YES;
				GCC_OPTIMIZATION_LEVEL = 0;
				GCC_PREPROCESSOR_DEFINITIONS = (
					"DEBUG=1",
					"$(inherited)",
				);
				GCC_WARN_64_TO_32_BIT_CONVERSION = YES;
				GCC_WARN_ABOUT_RETURN_TYPE = YES_ERROR;
				GCC_WARN_UNDECLARED_SELECTOR = YES;
				GCC_WARN_UNINITIALIZED_AUTOS = YES_AGGRESSIVE;
				GCC_WARN_UNUSED_FUNCTION = YES;
				GCC_WARN_UNUSED_VARIABLE = YES;
				IPHONEOS_DEPLOYMENT_TARGET = 14.2;
				MTL_ENABLE_DEBUG_INFO = INCLUDE_SOURCE;
				MTL_FAST_MATH = YES;
				ONLY_ACTIVE_ARCH = YES;
				SDKROOT = iphoneos;
				SWIFT_ACTIVE_COMPILATION_CONDITIONS = DEBUG;
				SWIFT_OPTIMIZATION_LEVEL = "-Onone";
			};
			name = Debug;
		};
		B38B6391259CE45500378052 /* Release */ = {
			isa = XCBuildConfiguration;
			buildSettings = {
				ALWAYS_SEARCH_USER_PATHS = NO;
				CLANG_ANALYZER_NONNULL = YES;
				CLANG_ANALYZER_NUMBER_OBJECT_CONVERSION = YES_AGGRESSIVE;
				CLANG_CXX_LANGUAGE_STANDARD = "gnu++14";
				CLANG_CXX_LIBRARY = "libc++";
				CLANG_ENABLE_MODULES = YES;
				CLANG_ENABLE_OBJC_ARC = YES;
				CLANG_ENABLE_OBJC_WEAK = YES;
				CLANG_WARN_BLOCK_CAPTURE_AUTORELEASING = YES;
				CLANG_WARN_BOOL_CONVERSION = YES;
				CLANG_WARN_COMMA = YES;
				CLANG_WARN_CONSTANT_CONVERSION = YES;
				CLANG_WARN_DEPRECATED_OBJC_IMPLEMENTATIONS = YES;
				CLANG_WARN_DIRECT_OBJC_ISA_USAGE = YES_ERROR;
				CLANG_WARN_DOCUMENTATION_COMMENTS = YES;
				CLANG_WARN_EMPTY_BODY = YES;
				CLANG_WARN_ENUM_CONVERSION = YES;
				CLANG_WARN_INFINITE_RECURSION = YES;
				CLANG_WARN_INT_CONVERSION = YES;
				CLANG_WARN_NON_LITERAL_NULL_CONVERSION = YES;
				CLANG_WARN_OBJC_IMPLICIT_RETAIN_SELF = YES;
				CLANG_WARN_OBJC_LITERAL_CONVERSION = YES;
				CLANG_WARN_OBJC_ROOT_CLASS = YES_ERROR;
				CLANG_WARN_QUOTED_INCLUDE_IN_FRAMEWORK_HEADER = YES;
				CLANG_WARN_RANGE_LOOP_ANALYSIS = YES;
				CLANG_WARN_STRICT_PROTOTYPES = YES;
				CLANG_WARN_SUSPICIOUS_MOVE = YES;
				CLANG_WARN_UNGUARDED_AVAILABILITY = YES_AGGRESSIVE;
				CLANG_WARN_UNREACHABLE_CODE = YES;
				CLANG_WARN__DUPLICATE_METHOD_MATCH = YES;
				COPY_PHASE_STRIP = NO;
				DEBUG_INFORMATION_FORMAT = "dwarf-with-dsym";
				ENABLE_NS_ASSERTIONS = NO;
				ENABLE_STRICT_OBJC_MSGSEND = YES;
				GCC_C_LANGUAGE_STANDARD = gnu11;
				GCC_NO_COMMON_BLOCKS = YES;
				GCC_WARN_64_TO_32_BIT_CONVERSION = YES;
				GCC_WARN_ABOUT_RETURN_TYPE = YES_ERROR;
				GCC_WARN_UNDECLARED_SELECTOR = YES;
				GCC_WARN_UNINITIALIZED_AUTOS = YES_AGGRESSIVE;
				GCC_WARN_UNUSED_FUNCTION = YES;
				GCC_WARN_UNUSED_VARIABLE = YES;
				IPHONEOS_DEPLOYMENT_TARGET = 14.2;
				MTL_ENABLE_DEBUG_INFO = NO;
				MTL_FAST_MATH = YES;
				SDKROOT = iphoneos;
				SWIFT_COMPILATION_MODE = wholemodule;
				SWIFT_OPTIMIZATION_LEVEL = "-O";
				VALIDATE_PRODUCT = YES;
			};
			name = Release;
		};
		B38B6393259CE45500378052 /* Debug */ = {
			isa = XCBuildConfiguration;
			buildSettings = {
				ALWAYS_EMBED_SWIFT_STANDARD_LIBRARIES = YES;
				ASSETCATALOG_COMPILER_APPICON_NAME = AppIcon;
				ASSETCATALOG_COMPILER_GLOBAL_ACCENT_COLOR_NAME = AccentColor;
				CODE_SIGN_IDENTITY = "Apple Development";
				CODE_SIGN_STYLE = Automatic;
				DEVELOPMENT_ASSET_PATHS = "\"Menugrab/Preview Content\"";
				DEVELOPMENT_TEAM = 3L953VRPM8;
				ENABLE_PREVIEWS = YES;
				INFOPLIST_FILE = Menugrab/Info.plist;
				IPHONEOS_DEPLOYMENT_TARGET = 14.0;
				LD_RUNPATH_SEARCH_PATHS = (
					"$(inherited)",
					"@executable_path/Frameworks",
				);
				PRODUCT_BUNDLE_IDENTIFIER = guillevc.Menugrab;
				PRODUCT_NAME = "$(TARGET_NAME)";
				PROVISIONING_PROFILE_SPECIFIER = "";
				SWIFT_VERSION = 5.0;
				TARGETED_DEVICE_FAMILY = "1,2";
			};
			name = Debug;
		};
		B38B6394259CE45500378052 /* Release */ = {
			isa = XCBuildConfiguration;
			buildSettings = {
				ALWAYS_EMBED_SWIFT_STANDARD_LIBRARIES = YES;
				ASSETCATALOG_COMPILER_APPICON_NAME = AppIcon;
				ASSETCATALOG_COMPILER_GLOBAL_ACCENT_COLOR_NAME = AccentColor;
				CODE_SIGN_STYLE = Automatic;
				DEVELOPMENT_ASSET_PATHS = "\"Menugrab/Preview Content\"";
				DEVELOPMENT_TEAM = 3L953VRPM8;
				ENABLE_PREVIEWS = YES;
				INFOPLIST_FILE = Menugrab/Info.plist;
				IPHONEOS_DEPLOYMENT_TARGET = 14.0;
				LD_RUNPATH_SEARCH_PATHS = (
					"$(inherited)",
					"@executable_path/Frameworks",
				);
				PRODUCT_BUNDLE_IDENTIFIER = guillevc.Menugrab;
				PRODUCT_NAME = "$(TARGET_NAME)";
				SWIFT_VERSION = 5.0;
				TARGETED_DEVICE_FAMILY = "1,2";
			};
			name = Release;
		};
		B38B6396259CE45500378052 /* Debug */ = {
			isa = XCBuildConfiguration;
			buildSettings = {
				ALWAYS_EMBED_SWIFT_STANDARD_LIBRARIES = YES;
				BUNDLE_LOADER = "$(TEST_HOST)";
				CODE_SIGN_STYLE = Automatic;
				DEVELOPMENT_TEAM = 3L953VRPM8;
				INFOPLIST_FILE = MenugrabTests/Info.plist;
				IPHONEOS_DEPLOYMENT_TARGET = 14.0;
				LD_RUNPATH_SEARCH_PATHS = (
					"$(inherited)",
					"@executable_path/Frameworks",
					"@loader_path/Frameworks",
				);
				PRODUCT_BUNDLE_IDENTIFIER = guillevc.MenugrabTests;
				PRODUCT_NAME = "$(TARGET_NAME)";
				SWIFT_VERSION = 5.0;
				TARGETED_DEVICE_FAMILY = "1,2";
				TEST_HOST = "$(BUILT_PRODUCTS_DIR)/Menugrab.app/Menugrab";
			};
			name = Debug;
		};
		B38B6397259CE45500378052 /* Release */ = {
			isa = XCBuildConfiguration;
			buildSettings = {
				ALWAYS_EMBED_SWIFT_STANDARD_LIBRARIES = YES;
				BUNDLE_LOADER = "$(TEST_HOST)";
				CODE_SIGN_STYLE = Automatic;
				DEVELOPMENT_TEAM = 3L953VRPM8;
				INFOPLIST_FILE = MenugrabTests/Info.plist;
				IPHONEOS_DEPLOYMENT_TARGET = 14.0;
				LD_RUNPATH_SEARCH_PATHS = (
					"$(inherited)",
					"@executable_path/Frameworks",
					"@loader_path/Frameworks",
				);
				PRODUCT_BUNDLE_IDENTIFIER = guillevc.MenugrabTests;
				PRODUCT_NAME = "$(TARGET_NAME)";
				SWIFT_VERSION = 5.0;
				TARGETED_DEVICE_FAMILY = "1,2";
				TEST_HOST = "$(BUILT_PRODUCTS_DIR)/Menugrab.app/Menugrab";
			};
			name = Release;
		};
		B38B6399259CE45500378052 /* Debug */ = {
			isa = XCBuildConfiguration;
			buildSettings = {
				ALWAYS_EMBED_SWIFT_STANDARD_LIBRARIES = YES;
				CODE_SIGN_STYLE = Automatic;
				DEVELOPMENT_TEAM = 3L953VRPM8;
				INFOPLIST_FILE = MenugrabUITests/Info.plist;
				LD_RUNPATH_SEARCH_PATHS = (
					"$(inherited)",
					"@executable_path/Frameworks",
					"@loader_path/Frameworks",
				);
				PRODUCT_BUNDLE_IDENTIFIER = guillevc.MenugrabUITests;
				PRODUCT_NAME = "$(TARGET_NAME)";
				SWIFT_VERSION = 5.0;
				TARGETED_DEVICE_FAMILY = "1,2";
				TEST_TARGET_NAME = Menugrab;
			};
			name = Debug;
		};
		B38B639A259CE45500378052 /* Release */ = {
			isa = XCBuildConfiguration;
			buildSettings = {
				ALWAYS_EMBED_SWIFT_STANDARD_LIBRARIES = YES;
				CODE_SIGN_STYLE = Automatic;
				DEVELOPMENT_TEAM = 3L953VRPM8;
				INFOPLIST_FILE = MenugrabUITests/Info.plist;
				LD_RUNPATH_SEARCH_PATHS = (
					"$(inherited)",
					"@executable_path/Frameworks",
					"@loader_path/Frameworks",
				);
				PRODUCT_BUNDLE_IDENTIFIER = guillevc.MenugrabUITests;
				PRODUCT_NAME = "$(TARGET_NAME)";
				SWIFT_VERSION = 5.0;
				TARGETED_DEVICE_FAMILY = "1,2";
				TEST_TARGET_NAME = Menugrab;
			};
			name = Release;
		};
/* End XCBuildConfiguration section */

/* Begin XCConfigurationList section */
		B3495BCD261E6A270057580E /* Build configuration list for PBXNativeTarget "MenugrabAppClip" */ = {
			isa = XCConfigurationList;
			buildConfigurations = (
				B3495BC7261E6A270057580E /* Debug */,
				B3495BC8261E6A270057580E /* Release */,
			);
			defaultConfigurationIsVisible = 0;
			defaultConfigurationName = Release;
		};
		B3495BCE261E6A270057580E /* Build configuration list for PBXNativeTarget "MenugrabAppClipTests" */ = {
			isa = XCConfigurationList;
			buildConfigurations = (
				B3495BC9261E6A270057580E /* Debug */,
				B3495BCA261E6A270057580E /* Release */,
			);
			defaultConfigurationIsVisible = 0;
			defaultConfigurationName = Release;
		};
		B3495BCF261E6A270057580E /* Build configuration list for PBXNativeTarget "MenugrabAppClipUITests" */ = {
			isa = XCConfigurationList;
			buildConfigurations = (
				B3495BCB261E6A270057580E /* Debug */,
				B3495BCC261E6A270057580E /* Release */,
			);
			defaultConfigurationIsVisible = 0;
			defaultConfigurationName = Release;
		};
		B38B6368259CE45000378052 /* Build configuration list for PBXProject "Menugrab" */ = {
			isa = XCConfigurationList;
			buildConfigurations = (
				B38B6390259CE45400378052 /* Debug */,
				B38B6391259CE45500378052 /* Release */,
			);
			defaultConfigurationIsVisible = 0;
			defaultConfigurationName = Release;
		};
		B38B6392259CE45500378052 /* Build configuration list for PBXNativeTarget "Menugrab" */ = {
			isa = XCConfigurationList;
			buildConfigurations = (
				B38B6393259CE45500378052 /* Debug */,
				B38B6394259CE45500378052 /* Release */,
			);
			defaultConfigurationIsVisible = 0;
			defaultConfigurationName = Release;
		};
		B38B6395259CE45500378052 /* Build configuration list for PBXNativeTarget "MenugrabTests" */ = {
			isa = XCConfigurationList;
			buildConfigurations = (
				B38B6396259CE45500378052 /* Debug */,
				B38B6397259CE45500378052 /* Release */,
			);
			defaultConfigurationIsVisible = 0;
			defaultConfigurationName = Release;
		};
		B38B6398259CE45500378052 /* Build configuration list for PBXNativeTarget "MenugrabUITests" */ = {
			isa = XCConfigurationList;
			buildConfigurations = (
				B38B6399259CE45500378052 /* Debug */,
				B38B639A259CE45500378052 /* Release */,
			);
			defaultConfigurationIsVisible = 0;
			defaultConfigurationName = Release;
		};
/* End XCConfigurationList section */

/* Begin XCRemoteSwiftPackageReference section */
		B3147BEA25B519E2007EF4D7 /* XCRemoteSwiftPackageReference "firebase-ios-sdk" */ = {
			isa = XCRemoteSwiftPackageReference;
			repositoryURL = "https://github.com/firebase/firebase-ios-sdk.git";
			requirement = {
				kind = upToNextMajorVersion;
				minimumVersion = 7.8.0;
			};
		};
/* End XCRemoteSwiftPackageReference section */

/* Begin XCSwiftPackageProductDependency section */
		B3147BEB25B519E2007EF4D7 /* FirebaseAuth */ = {
			isa = XCSwiftPackageProductDependency;
			package = B3147BEA25B519E2007EF4D7 /* XCRemoteSwiftPackageReference "firebase-ios-sdk" */;
			productName = FirebaseAuth;
		};
		B3E88075261E6CB900885BBC /* FirebaseAuth */ = {
			isa = XCSwiftPackageProductDependency;
			package = B3147BEA25B519E2007EF4D7 /* XCRemoteSwiftPackageReference "firebase-ios-sdk" */;
			productName = FirebaseAuth;
		};
/* End XCSwiftPackageProductDependency section */
	};
	rootObject = B38B6365259CE45000378052 /* Project object */;
}
